// !$*UTF8*$!
{
	archiveVersion = 1;
	classes = {
	};
	objectVersion = 45;
	objects = {

/* Begin PBXBuildFile section */
		9429A5E0122659D500D31807 /* SCAPI.h in Headers */ = {isa = PBXBuildFile; fileRef = 9429A5D2122659D500D31807 /* SCAPI.h */; };
		9429A5E1122659D500D31807 /* SCAPIErrors.h in Headers */ = {isa = PBXBuildFile; fileRef = 9429A5D3122659D500D31807 /* SCAPIErrors.h */; };
		9429A5E2122659D500D31807 /* SCDataFetcher.h in Headers */ = {isa = PBXBuildFile; fileRef = 9429A5D4122659D500D31807 /* SCDataFetcher.h */; };
		9429A5E3122659D500D31807 /* SCDataFetcher.m in Sources */ = {isa = PBXBuildFile; fileRef = 9429A5D5122659D500D31807 /* SCDataFetcher.m */; };
		9429A5E4122659D500D31807 /* SCSoundCloudAPI.h in Headers */ = {isa = PBXBuildFile; fileRef = 9429A5D6122659D500D31807 /* SCSoundCloudAPI.h */; };
		9429A5E5122659D500D31807 /* SCSoundCloudAPI.m in Sources */ = {isa = PBXBuildFile; fileRef = 9429A5D7122659D500D31807 /* SCSoundCloudAPI.m */; };
		9429A5E6122659D500D31807 /* SCSoundCloudAPIConfiguration.h in Headers */ = {isa = PBXBuildFile; fileRef = 9429A5D8122659D500D31807 /* SCSoundCloudAPIConfiguration.h */; };
		9429A5E7122659D500D31807 /* SCSoundCloudAPIConfiguration.m in Sources */ = {isa = PBXBuildFile; fileRef = 9429A5D9122659D500D31807 /* SCSoundCloudAPIConfiguration.m */; };
		9429A5E8122659D500D31807 /* SCPostBodyStream.h in Headers */ = {isa = PBXBuildFile; fileRef = 9429A5DA122659D500D31807 /* SCPostBodyStream.h */; };
		9429A5E9122659D500D31807 /* SCPostBodyStream.m in Sources */ = {isa = PBXBuildFile; fileRef = 9429A5DB122659D500D31807 /* SCPostBodyStream.m */; };
		9429A5EA122659D500D31807 /* SCPostBodyPart.h in Headers */ = {isa = PBXBuildFile; fileRef = 9429A5DC122659D500D31807 /* SCPostBodyPart.h */; };
		9429A5EB122659D500D31807 /* SCPostBodyPart.m in Sources */ = {isa = PBXBuildFile; fileRef = 9429A5DD122659D500D31807 /* SCPostBodyPart.m */; };
		9429A5EC122659D500D31807 /* SCInputStreamWrapper.h in Headers */ = {isa = PBXBuildFile; fileRef = 9429A5DE122659D500D31807 /* SCInputStreamWrapper.h */; };
		9429A5ED122659D500D31807 /* SCInputStreamWrapper.m in Sources */ = {isa = PBXBuildFile; fileRef = 9429A5DF122659D500D31807 /* SCInputStreamWrapper.m */; };
		9429A5F912265A4A00D31807 /* NSString+SoundCloudAPI.h in Headers */ = {isa = PBXBuildFile; fileRef = 9429A5F512265A4A00D31807 /* NSString+SoundCloudAPI.h */; };
		9429A5FA12265A4A00D31807 /* NSString+SoundCloudAPI.m in Sources */ = {isa = PBXBuildFile; fileRef = 9429A5F612265A4A00D31807 /* NSString+SoundCloudAPI.m */; };
		9429A5FB12265A4A00D31807 /* NSURL+SoundCloudAPI.h in Headers */ = {isa = PBXBuildFile; fileRef = 9429A5F712265A4A00D31807 /* NSURL+SoundCloudAPI.h */; };
		9429A5FC12265A4A00D31807 /* NSURL+SoundCloudAPI.m in Sources */ = {isa = PBXBuildFile; fileRef = 9429A5F812265A4A00D31807 /* NSURL+SoundCloudAPI.m */; };
		AA747D9F0F9514B9006C5449 /* SoundCloudAPI_Prefix.pch in Headers */ = {isa = PBXBuildFile; fileRef = AA747D9E0F9514B9006C5449 /* SoundCloudAPI_Prefix.pch */; };
		AACBBE4A0F95108600F1A2B1 /* Foundation.framework in Frameworks */ = {isa = PBXBuildFile; fileRef = AACBBE490F95108600F1A2B1 /* Foundation.framework */; };
/* End PBXBuildFile section */

/* Begin PBXFileReference section */
		9429A5D2122659D500D31807 /* SCAPI.h */ = {isa = PBXFileReference; fileEncoding = 4; lastKnownFileType = sourcecode.c.h; path = SCAPI.h; sourceTree = "<group>"; };
		9429A5D3122659D500D31807 /* SCAPIErrors.h */ = {isa = PBXFileReference; fileEncoding = 4; lastKnownFileType = sourcecode.c.h; path = SCAPIErrors.h; sourceTree = "<group>"; };
		9429A5D4122659D500D31807 /* SCDataFetcher.h */ = {isa = PBXFileReference; fileEncoding = 4; lastKnownFileType = sourcecode.c.h; path = SCDataFetcher.h; sourceTree = "<group>"; };
		9429A5D5122659D500D31807 /* SCDataFetcher.m */ = {isa = PBXFileReference; fileEncoding = 4; lastKnownFileType = sourcecode.c.objc; path = SCDataFetcher.m; sourceTree = "<group>"; };
		9429A5D6122659D500D31807 /* SCSoundCloudAPI.h */ = {isa = PBXFileReference; fileEncoding = 4; lastKnownFileType = sourcecode.c.h; path = SCSoundCloudAPI.h; sourceTree = "<group>"; };
		9429A5D7122659D500D31807 /* SCSoundCloudAPI.m */ = {isa = PBXFileReference; fileEncoding = 4; lastKnownFileType = sourcecode.c.objc; path = SCSoundCloudAPI.m; sourceTree = "<group>"; };
		9429A5D8122659D500D31807 /* SCSoundCloudAPIConfiguration.h */ = {isa = PBXFileReference; fileEncoding = 4; lastKnownFileType = sourcecode.c.h; path = SCSoundCloudAPIConfiguration.h; sourceTree = "<group>"; };
		9429A5D9122659D500D31807 /* SCSoundCloudAPIConfiguration.m */ = {isa = PBXFileReference; fileEncoding = 4; lastKnownFileType = sourcecode.c.objc; path = SCSoundCloudAPIConfiguration.m; sourceTree = "<group>"; };
		9429A5DA122659D500D31807 /* SCPostBodyStream.h */ = {isa = PBXFileReference; fileEncoding = 4; lastKnownFileType = sourcecode.c.h; path = SCPostBodyStream.h; sourceTree = "<group>"; };
		9429A5DB122659D500D31807 /* SCPostBodyStream.m */ = {isa = PBXFileReference; fileEncoding = 4; lastKnownFileType = sourcecode.c.objc; path = SCPostBodyStream.m; sourceTree = "<group>"; };
		9429A5DC122659D500D31807 /* SCPostBodyPart.h */ = {isa = PBXFileReference; fileEncoding = 4; lastKnownFileType = sourcecode.c.h; path = SCPostBodyPart.h; sourceTree = "<group>"; };
		9429A5DD122659D500D31807 /* SCPostBodyPart.m */ = {isa = PBXFileReference; fileEncoding = 4; lastKnownFileType = sourcecode.c.objc; path = SCPostBodyPart.m; sourceTree = "<group>"; };
		9429A5DE122659D500D31807 /* SCInputStreamWrapper.h */ = {isa = PBXFileReference; fileEncoding = 4; lastKnownFileType = sourcecode.c.h; path = SCInputStreamWrapper.h; sourceTree = "<group>"; };
		9429A5DF122659D500D31807 /* SCInputStreamWrapper.m */ = {isa = PBXFileReference; fileEncoding = 4; lastKnownFileType = sourcecode.c.objc; path = SCInputStreamWrapper.m; sourceTree = "<group>"; };
		9429A5F512265A4A00D31807 /* NSString+SoundCloudAPI.h */ = {isa = PBXFileReference; fileEncoding = 4; lastKnownFileType = sourcecode.c.h; path = "NSString+SoundCloudAPI.h"; sourceTree = "<group>"; };
		9429A5F612265A4A00D31807 /* NSString+SoundCloudAPI.m */ = {isa = PBXFileReference; fileEncoding = 4; lastKnownFileType = sourcecode.c.objc; path = "NSString+SoundCloudAPI.m"; sourceTree = "<group>"; };
		9429A5F712265A4A00D31807 /* NSURL+SoundCloudAPI.h */ = {isa = PBXFileReference; fileEncoding = 4; lastKnownFileType = sourcecode.c.h; path = "NSURL+SoundCloudAPI.h"; sourceTree = "<group>"; };
		9429A5F812265A4A00D31807 /* NSURL+SoundCloudAPI.m */ = {isa = PBXFileReference; fileEncoding = 4; lastKnownFileType = sourcecode.c.objc; path = "NSURL+SoundCloudAPI.m"; sourceTree = "<group>"; };
		AA747D9E0F9514B9006C5449 /* SoundCloudAPI_Prefix.pch */ = {isa = PBXFileReference; fileEncoding = 4; lastKnownFileType = sourcecode.c.h; path = SoundCloudAPI_Prefix.pch; sourceTree = "<group>"; };
		AACBBE490F95108600F1A2B1 /* Foundation.framework */ = {isa = PBXFileReference; lastKnownFileType = wrapper.framework; name = Foundation.framework; path = System/Library/Frameworks/Foundation.framework; sourceTree = SDKROOT; };
		D2AAC07E0554694100DB518D /* libSoundCloudAPI.a */ = {isa = PBXFileReference; explicitFileType = archive.ar; includeInIndex = 0; path = libSoundCloudAPI.a; sourceTree = BUILT_PRODUCTS_DIR; };
/* End PBXFileReference section */

/* Begin PBXFrameworksBuildPhase section */
		D2AAC07C0554694100DB518D /* Frameworks */ = {
			isa = PBXFrameworksBuildPhase;
			buildActionMask = 2147483647;
			files = (
				AACBBE4A0F95108600F1A2B1 /* Foundation.framework in Frameworks */,
			);
			runOnlyForDeploymentPostprocessing = 0;
		};
/* End PBXFrameworksBuildPhase section */

/* Begin PBXGroup section */
		034768DFFF38A50411DB9C8B /* Products */ = {
			isa = PBXGroup;
			children = (
				D2AAC07E0554694100DB518D /* libSoundCloudAPI.a */,
			);
			name = Products;
			sourceTree = "<group>";
		};
		0867D691FE84028FC02AAC07 /* SoundCloudAPI */ = {
			isa = PBXGroup;
			children = (
				9429A5CF1226591400D31807 /* Outsourced */,
				08FB77AEFE84172EC02AAC07 /* Sources */,
				9429A5D01226593D00D31807 /* Resources */,
				32C88DFF0371C24200C91783 /* Other Sources */,
				0867D69AFE84028FC02AAC07 /* Frameworks */,
				034768DFFF38A50411DB9C8B /* Products */,
			);
			name = SoundCloudAPI;
			sourceTree = "<group>";
		};
		0867D69AFE84028FC02AAC07 /* Frameworks */ = {
			isa = PBXGroup;
			children = (
				AACBBE490F95108600F1A2B1 /* Foundation.framework */,
			);
			name = Frameworks;
			sourceTree = "<group>";
		};
		08FB77AEFE84172EC02AAC07 /* Sources */ = {
			isa = PBXGroup;
			children = (
				9429A5F412265A4A00D31807 /* CocoaExtensions */,
				9429A5EE122659EE00D31807 /* Others */,
				9429A5D1122659D500D31807 /* SoundCloudAPI */,
			);
			path = Sources;
			sourceTree = "<group>";
		};
		32C88DFF0371C24200C91783 /* Other Sources */ = {
			isa = PBXGroup;
			children = (
			);
			name = "Other Sources";
			sourceTree = "<group>";
		};
		9429A5CF1226591400D31807 /* Outsourced */ = {
			isa = PBXGroup;
			children = (
				9429B3711226714900D31807 /* OAuth2Client */,
			);
			path = Outsourced;
			sourceTree = "<group>";
		};
		9429A5D01226593D00D31807 /* Resources */ = {
			isa = PBXGroup;
			children = (
			);
			path = Resources;
			sourceTree = "<group>";
		};
		9429A5D1122659D500D31807 /* SoundCloudAPI */ = {
			isa = PBXGroup;
			children = (
				9429A5D2122659D500D31807 /* SCAPI.h */,
				9429A5D3122659D500D31807 /* SCAPIErrors.h */,
				9429A5D4122659D500D31807 /* SCDataFetcher.h */,
				9429A5D5122659D500D31807 /* SCDataFetcher.m */,
				9429A5D6122659D500D31807 /* SCSoundCloudAPI.h */,
				9429A5D7122659D500D31807 /* SCSoundCloudAPI.m */,
				9429A5D8122659D500D31807 /* SCSoundCloudAPIConfiguration.h */,
				9429A5D9122659D500D31807 /* SCSoundCloudAPIConfiguration.m */,
				9429A5DA122659D500D31807 /* SCPostBodyStream.h */,
				9429A5DB122659D500D31807 /* SCPostBodyStream.m */,
				9429A5DC122659D500D31807 /* SCPostBodyPart.h */,
				9429A5DD122659D500D31807 /* SCPostBodyPart.m */,
				9429A5DE122659D500D31807 /* SCInputStreamWrapper.h */,
				9429A5DF122659D500D31807 /* SCInputStreamWrapper.m */,
			);
			path = SoundCloudAPI;
			sourceTree = "<group>";
		};
		9429A5EE122659EE00D31807 /* Others */ = {
			isa = PBXGroup;
			children = (
				AA747D9E0F9514B9006C5449 /* SoundCloudAPI_Prefix.pch */,
			);
			name = Others;
			sourceTree = "<group>";
		};
		9429A5F412265A4A00D31807 /* CocoaExtensions */ = {
			isa = PBXGroup;
			children = (
				9429A5F512265A4A00D31807 /* NSString+SoundCloudAPI.h */,
				9429A5F612265A4A00D31807 /* NSString+SoundCloudAPI.m */,
				9429A5F712265A4A00D31807 /* NSURL+SoundCloudAPI.h */,
				9429A5F812265A4A00D31807 /* NSURL+SoundCloudAPI.m */,
			);
			path = CocoaExtensions;
			sourceTree = "<group>";
		};
		9429B3711226714900D31807 /* OAuth2Client */ = {
			isa = PBXGroup;
			children = (
			);
			path = OAuth2Client;
			sourceTree = "<group>";
		};
/* End PBXGroup section */

/* Begin PBXHeadersBuildPhase section */
		D2AAC07A0554694100DB518D /* Headers */ = {
			isa = PBXHeadersBuildPhase;
			buildActionMask = 2147483647;
			files = (
				AA747D9F0F9514B9006C5449 /* SoundCloudAPI_Prefix.pch in Headers */,
				9429A5E0122659D500D31807 /* SCAPI.h in Headers */,
				9429A5E1122659D500D31807 /* SCAPIErrors.h in Headers */,
				9429A5E2122659D500D31807 /* SCDataFetcher.h in Headers */,
				9429A5E4122659D500D31807 /* SCSoundCloudAPI.h in Headers */,
				9429A5E6122659D500D31807 /* SCSoundCloudAPIConfiguration.h in Headers */,
				9429A5E8122659D500D31807 /* SCPostBodyStream.h in Headers */,
				9429A5EA122659D500D31807 /* SCPostBodyPart.h in Headers */,
				9429A5EC122659D500D31807 /* SCInputStreamWrapper.h in Headers */,
				9429A5F912265A4A00D31807 /* NSString+SoundCloudAPI.h in Headers */,
				9429A5FB12265A4A00D31807 /* NSURL+SoundCloudAPI.h in Headers */,
			);
			runOnlyForDeploymentPostprocessing = 0;
		};
/* End PBXHeadersBuildPhase section */

/* Begin PBXNativeTarget section */
		D2AAC07D0554694100DB518D /* SoundCloudAPI */ = {
			isa = PBXNativeTarget;
			buildConfigurationList = 1DEB921E08733DC00010E9CD /* Build configuration list for PBXNativeTarget "SoundCloudAPI" */;
			buildPhases = (
				D2AAC07A0554694100DB518D /* Headers */,
				D2AAC07B0554694100DB518D /* Sources */,
				D2AAC07C0554694100DB518D /* Frameworks */,
			);
			buildRules = (
			);
			dependencies = (
			);
			name = SoundCloudAPI;
			productName = SoundCloudAPI;
			productReference = D2AAC07E0554694100DB518D /* libSoundCloudAPI.a */;
			productType = "com.apple.product-type.library.static";
		};
/* End PBXNativeTarget section */

/* Begin PBXProject section */
		0867D690FE84028FC02AAC07 /* Project object */ = {
			isa = PBXProject;
			buildConfigurationList = 1DEB922208733DC00010E9CD /* Build configuration list for PBXProject "SoundCloudAPI" */;
			compatibilityVersion = "Xcode 3.1";
			hasScannedForEncodings = 1;
			mainGroup = 0867D691FE84028FC02AAC07 /* SoundCloudAPI */;
			productRefGroup = 034768DFFF38A50411DB9C8B /* Products */;
			projectDirPath = "";
			projectRoot = "";
			targets = (
				D2AAC07D0554694100DB518D /* SoundCloudAPI */,
			);
		};
/* End PBXProject section */

/* Begin PBXSourcesBuildPhase section */
		D2AAC07B0554694100DB518D /* Sources */ = {
			isa = PBXSourcesBuildPhase;
			buildActionMask = 2147483647;
			files = (
				9429A5E3122659D500D31807 /* SCDataFetcher.m in Sources */,
				9429A5E5122659D500D31807 /* SCSoundCloudAPI.m in Sources */,
				9429A5E7122659D500D31807 /* SCSoundCloudAPIConfiguration.m in Sources */,
				9429A5E9122659D500D31807 /* SCPostBodyStream.m in Sources */,
				9429A5EB122659D500D31807 /* SCPostBodyPart.m in Sources */,
				9429A5ED122659D500D31807 /* SCInputStreamWrapper.m in Sources */,
				9429A5FA12265A4A00D31807 /* NSString+SoundCloudAPI.m in Sources */,
				9429A5FC12265A4A00D31807 /* NSURL+SoundCloudAPI.m in Sources */,
			);
			runOnlyForDeploymentPostprocessing = 0;
		};
/* End PBXSourcesBuildPhase section */

/* Begin XCBuildConfiguration section */
		1DEB921F08733DC00010E9CD /* Debug */ = {
			isa = XCBuildConfiguration;
			buildSettings = {
				ALWAYS_SEARCH_USER_PATHS = NO;
				ARCHS = "$(ARCHS_STANDARD_32_BIT)";
				COPY_PHASE_STRIP = NO;
				DSTROOT = /tmp/SoundCloudAPI.dst;
				GCC_DYNAMIC_NO_PIC = NO;
				GCC_ENABLE_FIX_AND_CONTINUE = YES;
				GCC_MODEL_TUNING = G5;
				GCC_OPTIMIZATION_LEVEL = 0;
				GCC_PRECOMPILE_PREFIX_HEADER = YES;
				GCC_PREFIX_HEADER = Sources/SoundCloudAPI_Prefix.pch;
				INSTALL_PATH = /usr/local/lib;
				PRODUCT_NAME = SoundCloudAPI;
				SDKROOT = iphoneos3.2;
			};
			name = Debug;
		};
		1DEB922008733DC00010E9CD /* Release */ = {
			isa = XCBuildConfiguration;
			buildSettings = {
				ALWAYS_SEARCH_USER_PATHS = NO;
				ARCHS = "$(ARCHS_STANDARD_32_BIT)";
				DSTROOT = /tmp/SoundCloudAPI.dst;
				GCC_MODEL_TUNING = G5;
				GCC_PRECOMPILE_PREFIX_HEADER = YES;
				GCC_PREFIX_HEADER = Sources/SoundCloudAPI_Prefix.pch;
				INSTALL_PATH = /usr/local/lib;
				PRODUCT_NAME = SoundCloudAPI;
				SDKROOT = iphoneos3.2;
			};
			name = Release;
		};
		1DEB922308733DC00010E9CD /* Debug */ = {
			isa = XCBuildConfiguration;
			buildSettings = {
				ARCHS = "$(ARCHS_STANDARD_32_BIT)";
				GCC_C_LANGUAGE_STANDARD = c99;
				GCC_OPTIMIZATION_LEVEL = 0;
				GCC_WARN_ABOUT_RETURN_TYPE = YES;
				GCC_WARN_UNUSED_VARIABLE = YES;
				OTHER_LDFLAGS = "-ObjC";
				PREBINDING = NO;
			};
			name = Debug;
		};
		1DEB922408733DC00010E9CD /* Release */ = {
			isa = XCBuildConfiguration;
			buildSettings = {
				ARCHS = "$(ARCHS_STANDARD_32_BIT)";
				GCC_C_LANGUAGE_STANDARD = c99;
				GCC_WARN_ABOUT_RETURN_TYPE = YES;
				GCC_WARN_UNUSED_VARIABLE = YES;
				OTHER_LDFLAGS = "-ObjC";
				PREBINDING = NO;
			};
			name = Release;
		};
/* End XCBuildConfiguration section */

/* Begin XCConfigurationList section */
		1DEB921E08733DC00010E9CD /* Build configuration list for PBXNativeTarget "SoundCloudAPI" */ = {
			isa = XCConfigurationList;
			buildConfigurations = (
				1DEB921F08733DC00010E9CD /* Debug */,
				1DEB922008733DC00010E9CD /* Release */,
			);
			defaultConfigurationIsVisible = 0;
			defaultConfigurationName = Release;
		};
		1DEB922208733DC00010E9CD /* Build configuration list for PBXProject "SoundCloudAPI" */ = {
			isa = XCConfigurationList;
			buildConfigurations = (
				1DEB922308733DC00010E9CD /* Debug */,
				1DEB922408733DC00010E9CD /* Release */,
			);
			defaultConfigurationIsVisible = 0;
			defaultConfigurationName = Release;
		};
/* End XCConfigurationList section */
	};
	rootObject = 0867D690FE84028FC02AAC07 /* Project object */;
}
