// !$*UTF8*$!
{
	archiveVersion = 1;
	classes = {
	};
	objectVersion = 46;
	objects = {

/* Begin PBXBuildFile section */
		9429A5E0122659D500D31807 /* SCAPI.h in Headers */ = {isa = PBXBuildFile; fileRef = 9429A5D2122659D500D31807 /* SCAPI.h */; settings = {ATTRIBUTES = (); }; };
		9429A5E1122659D500D31807 /* SCAPIErrors.h in Headers */ = {isa = PBXBuildFile; fileRef = 9429A5D3122659D500D31807 /* SCAPIErrors.h */; settings = {ATTRIBUTES = (); }; };
		9429A5E4122659D500D31807 /* SCSoundCloudAPI.h in Headers */ = {isa = PBXBuildFile; fileRef = 9429A5D6122659D500D31807 /* SCSoundCloudAPI.h */; settings = {ATTRIBUTES = (); }; };
		9429A5E5122659D500D31807 /* SCSoundCloudAPI.m in Sources */ = {isa = PBXBuildFile; fileRef = 9429A5D7122659D500D31807 /* SCSoundCloudAPI.m */; };
		9429A5E6122659D500D31807 /* SCSoundCloudAPIConfiguration.h in Headers */ = {isa = PBXBuildFile; fileRef = 9429A5D8122659D500D31807 /* SCSoundCloudAPIConfiguration.h */; settings = {ATTRIBUTES = (); }; };
		9429A5E7122659D500D31807 /* SCSoundCloudAPIConfiguration.m in Sources */ = {isa = PBXBuildFile; fileRef = 9429A5D9122659D500D31807 /* SCSoundCloudAPIConfiguration.m */; };
		9429A5F912265A4A00D31807 /* NSString+SoundCloudAPI.h in Headers */ = {isa = PBXBuildFile; fileRef = 9429A5F512265A4A00D31807 /* NSString+SoundCloudAPI.h */; };
		9429A5FA12265A4A00D31807 /* NSString+SoundCloudAPI.m in Sources */ = {isa = PBXBuildFile; fileRef = 9429A5F612265A4A00D31807 /* NSString+SoundCloudAPI.m */; };
		94535FA6123FB33500BD668A /* NSString+SoundCloudAPI.h in Headers */ = {isa = PBXBuildFile; fileRef = 9429A5F512265A4A00D31807 /* NSString+SoundCloudAPI.h */; settings = {ATTRIBUTES = (); }; };
		94535FA7123FB33500BD668A /* SCAPI.h in Headers */ = {isa = PBXBuildFile; fileRef = 9429A5D2122659D500D31807 /* SCAPI.h */; settings = {ATTRIBUTES = (Public, ); }; };
		94535FA8123FB33500BD668A /* SCAPIErrors.h in Headers */ = {isa = PBXBuildFile; fileRef = 9429A5D3122659D500D31807 /* SCAPIErrors.h */; settings = {ATTRIBUTES = (Public, ); }; };
		94535FA9123FB33500BD668A /* SCSoundCloudAPI.h in Headers */ = {isa = PBXBuildFile; fileRef = 9429A5D6122659D500D31807 /* SCSoundCloudAPI.h */; settings = {ATTRIBUTES = (Public, ); }; };
		94535FAA123FB33500BD668A /* SCSoundCloudAPIAuthentication.h in Headers */ = {isa = PBXBuildFile; fileRef = 94EE4B4E12390D5200EFDAB1 /* SCSoundCloudAPIAuthentication.h */; };
		94535FAB123FB33500BD668A /* SCSoundCloudAPIAuthenticationDelegate.h in Headers */ = {isa = PBXBuildFile; fileRef = 94EE4B4C12390D3800EFDAB1 /* SCSoundCloudAPIAuthenticationDelegate.h */; settings = {ATTRIBUTES = (Public, ); }; };
		94535FAC123FB33500BD668A /* SCSoundCloudAPIConfiguration.h in Headers */ = {isa = PBXBuildFile; fileRef = 9429A5D8122659D500D31807 /* SCSoundCloudAPIConfiguration.h */; settings = {ATTRIBUTES = (Public, ); }; };
		94535FAD123FB33500BD668A /* SCSoundCloudAPIDelegate.h in Headers */ = {isa = PBXBuildFile; fileRef = 94EE4A6D1238E74F00EFDAB1 /* SCSoundCloudAPIDelegate.h */; settings = {ATTRIBUTES = (Public, ); }; };
		94535FAE123FB33500BD668A /* SoundCloudAPI_Prefix.pch in Headers */ = {isa = PBXBuildFile; fileRef = AA747D9E0F9514B9006C5449 /* SoundCloudAPI_Prefix.pch */; };
		94535FAF123FB36500BD668A /* NSString+SoundCloudAPI.m in Sources */ = {isa = PBXBuildFile; fileRef = 9429A5F612265A4A00D31807 /* NSString+SoundCloudAPI.m */; };
		94535FB0123FB36500BD668A /* SCSoundCloudAPI.m in Sources */ = {isa = PBXBuildFile; fileRef = 9429A5D7122659D500D31807 /* SCSoundCloudAPI.m */; };
		94535FB1123FB36500BD668A /* SCSoundCloudAPIAuthentication.m in Sources */ = {isa = PBXBuildFile; fileRef = 94EE4B4F12390D5200EFDAB1 /* SCSoundCloudAPIAuthentication.m */; };
		94535FB2123FB36500BD668A /* SCSoundCloudAPIConfiguration.m in Sources */ = {isa = PBXBuildFile; fileRef = 9429A5D9122659D500D31807 /* SCSoundCloudAPIConfiguration.m */; };
		9454812A1248C4C300E6BD3D /* SCAudioStream.h in Headers */ = {isa = PBXBuildFile; fileRef = 945481201248C4C300E6BD3D /* SCAudioStream.h */; settings = {ATTRIBUTES = (); }; };
		9454812B1248C4C300E6BD3D /* SCAudioStream.m in Sources */ = {isa = PBXBuildFile; fileRef = 945481211248C4C300E6BD3D /* SCAudioStream.m */; };
		9454812C1248C4C300E6BD3D /* SCAudioBufferQueue.h in Headers */ = {isa = PBXBuildFile; fileRef = 945481221248C4C300E6BD3D /* SCAudioBufferQueue.h */; };
		9454812D1248C4C300E6BD3D /* SCAudioBufferQueue.m in Sources */ = {isa = PBXBuildFile; fileRef = 945481231248C4C300E6BD3D /* SCAudioBufferQueue.m */; };
		9454812E1248C4C300E6BD3D /* SCAudioFileStreamParser.h in Headers */ = {isa = PBXBuildFile; fileRef = 945481241248C4C300E6BD3D /* SCAudioFileStreamParser.h */; };
		9454812F1248C4C300E6BD3D /* SCAudioFileStreamParser.m in Sources */ = {isa = PBXBuildFile; fileRef = 945481251248C4C300E6BD3D /* SCAudioFileStreamParser.m */; };
		945481301248C4C300E6BD3D /* SCAudioStreamPacketDescriptions.h in Headers */ = {isa = PBXBuildFile; fileRef = 945481261248C4C300E6BD3D /* SCAudioStreamPacketDescriptions.h */; };
		945481311248C4C300E6BD3D /* SCAudioStreamPacketDescriptions.m in Sources */ = {isa = PBXBuildFile; fileRef = 945481271248C4C300E6BD3D /* SCAudioStreamPacketDescriptions.m */; };
		945481341248C4C300E6BD3D /* SCAudioStream.h in Headers */ = {isa = PBXBuildFile; fileRef = 945481201248C4C300E6BD3D /* SCAudioStream.h */; settings = {ATTRIBUTES = (Public, ); }; };
		945481351248C4C300E6BD3D /* SCAudioStream.m in Sources */ = {isa = PBXBuildFile; fileRef = 945481211248C4C300E6BD3D /* SCAudioStream.m */; };
		945481361248C4C300E6BD3D /* SCAudioBufferQueue.h in Headers */ = {isa = PBXBuildFile; fileRef = 945481221248C4C300E6BD3D /* SCAudioBufferQueue.h */; };
		945481371248C4C300E6BD3D /* SCAudioBufferQueue.m in Sources */ = {isa = PBXBuildFile; fileRef = 945481231248C4C300E6BD3D /* SCAudioBufferQueue.m */; };
		945481381248C4C300E6BD3D /* SCAudioFileStreamParser.h in Headers */ = {isa = PBXBuildFile; fileRef = 945481241248C4C300E6BD3D /* SCAudioFileStreamParser.h */; };
		945481391248C4C300E6BD3D /* SCAudioFileStreamParser.m in Sources */ = {isa = PBXBuildFile; fileRef = 945481251248C4C300E6BD3D /* SCAudioFileStreamParser.m */; };
		9454813A1248C4C300E6BD3D /* SCAudioStreamPacketDescriptions.h in Headers */ = {isa = PBXBuildFile; fileRef = 945481261248C4C300E6BD3D /* SCAudioStreamPacketDescriptions.h */; };
		9454813B1248C4C300E6BD3D /* SCAudioStreamPacketDescriptions.m in Sources */ = {isa = PBXBuildFile; fileRef = 945481271248C4C300E6BD3D /* SCAudioStreamPacketDescriptions.m */; };
		945481861248D94900E6BD3D /* AudioToolbox.framework in Frameworks */ = {isa = PBXBuildFile; fileRef = 945481851248D94900E6BD3D /* AudioToolbox.framework */; };
		9454819A1248D95E00E6BD3D /* AudioToolbox.framework in Frameworks */ = {isa = PBXBuildFile; fileRef = 945481851248D94900E6BD3D /* AudioToolbox.framework */; };
		9454819B1248D95E00E6BD3D /* Foundation.framework in Frameworks */ = {isa = PBXBuildFile; fileRef = AACBBE490F95108600F1A2B1 /* Foundation.framework */; };
		94E5ADA9122C193D00C7021A /* libOAuth2Client.a in Frameworks */ = {isa = PBXBuildFile; fileRef = 94E5ADA4122C192900C7021A /* libOAuth2Client.a */; settings = {ATTRIBUTES = (Weak, ); }; };
		94EE4A6E1238E74F00EFDAB1 /* SCSoundCloudAPIDelegate.h in Headers */ = {isa = PBXBuildFile; fileRef = 94EE4A6D1238E74F00EFDAB1 /* SCSoundCloudAPIDelegate.h */; settings = {ATTRIBUTES = (); }; };
		94EE4B4D12390D3800EFDAB1 /* SCSoundCloudAPIAuthenticationDelegate.h in Headers */ = {isa = PBXBuildFile; fileRef = 94EE4B4C12390D3800EFDAB1 /* SCSoundCloudAPIAuthenticationDelegate.h */; settings = {ATTRIBUTES = (); }; };
		94EE4B5012390D5200EFDAB1 /* SCSoundCloudAPIAuthentication.h in Headers */ = {isa = PBXBuildFile; fileRef = 94EE4B4E12390D5200EFDAB1 /* SCSoundCloudAPIAuthentication.h */; };
		94EE4B5112390D5200EFDAB1 /* SCSoundCloudAPIAuthentication.m in Sources */ = {isa = PBXBuildFile; fileRef = 94EE4B4F12390D5200EFDAB1 /* SCSoundCloudAPIAuthentication.m */; };
		94F5B56E1282FD16000D7CD1 /* CoreServices.framework in Frameworks */ = {isa = PBXBuildFile; fileRef = 94F5B56D1282FD16000D7CD1 /* CoreServices.framework */; };
		99F79A5D13A15371002555F0 /* OAuth2Client.framework in Frameworks */ = {isa = PBXBuildFile; fileRef = 99F79A5C13A15371002555F0 /* OAuth2Client.framework */; settings = {ATTRIBUTES = (Weak, ); }; };
		AA747D9F0F9514B9006C5449 /* SoundCloudAPI_Prefix.pch in Headers */ = {isa = PBXBuildFile; fileRef = AA747D9E0F9514B9006C5449 /* SoundCloudAPI_Prefix.pch */; };
		AACBBE4A0F95108600F1A2B1 /* Foundation.framework in Frameworks */ = {isa = PBXBuildFile; fileRef = AACBBE490F95108600F1A2B1 /* Foundation.framework */; };
		F60627EF13E05E99004A7E4E /* SCRecordingSaveViewControllerHeaderView.h in Headers */ = {isa = PBXBuildFile; fileRef = F60627ED13E05E99004A7E4E /* SCRecordingSaveViewControllerHeaderView.h */; };
		F60627F013E05E99004A7E4E /* SCRecordingSaveViewControllerHeaderView.m in Sources */ = {isa = PBXBuildFile; fileRef = F60627EE13E05E99004A7E4E /* SCRecordingSaveViewControllerHeaderView.m */; };
		F60627F813E066D3004A7E4E /* SCBundle.h in Headers */ = {isa = PBXBuildFile; fileRef = F60627F613E066D3004A7E4E /* SCBundle.h */; };
		F60627F913E066D3004A7E4E /* SCBundle.m in Sources */ = {isa = PBXBuildFile; fileRef = F60627F713E066D3004A7E4E /* SCBundle.m */; };
		F60811E313D050180040EC66 /* SCSoundCloud.h in Headers */ = {isa = PBXBuildFile; fileRef = F60811E113D050180040EC66 /* SCSoundCloud.h */; };
		F60811E413D050180040EC66 /* SCSoundCloud.h in Headers */ = {isa = PBXBuildFile; fileRef = F60811E113D050180040EC66 /* SCSoundCloud.h */; };
		F60811E513D050180040EC66 /* SCSoundCloud.m in Sources */ = {isa = PBXBuildFile; fileRef = F60811E213D050180040EC66 /* SCSoundCloud.m */; };
		F60811E613D050180040EC66 /* SCSoundCloud.m in Sources */ = {isa = PBXBuildFile; fileRef = F60811E213D050180040EC66 /* SCSoundCloud.m */; };
		F60811E913D051420040EC66 /* SCAccount.h in Headers */ = {isa = PBXBuildFile; fileRef = F60811E713D051420040EC66 /* SCAccount.h */; };
		F60811EA13D051420040EC66 /* SCAccount.h in Headers */ = {isa = PBXBuildFile; fileRef = F60811E713D051420040EC66 /* SCAccount.h */; };
		F60811EB13D051420040EC66 /* SCAccount.m in Sources */ = {isa = PBXBuildFile; fileRef = F60811E813D051420040EC66 /* SCAccount.m */; };
		F60811EC13D051420040EC66 /* SCAccount.m in Sources */ = {isa = PBXBuildFile; fileRef = F60811E813D051420040EC66 /* SCAccount.m */; };
		F60811EF13D051840040EC66 /* SCRequest.h in Headers */ = {isa = PBXBuildFile; fileRef = F60811ED13D051840040EC66 /* SCRequest.h */; };
		F60811F013D051840040EC66 /* SCRequest.h in Headers */ = {isa = PBXBuildFile; fileRef = F60811ED13D051840040EC66 /* SCRequest.h */; };
		F60811F113D051840040EC66 /* SCRequest.m in Sources */ = {isa = PBXBuildFile; fileRef = F60811EE13D051840040EC66 /* SCRequest.m */; };
		F60811F213D051840040EC66 /* SCRequest.m in Sources */ = {isa = PBXBuildFile; fileRef = F60811EE13D051840040EC66 /* SCRequest.m */; };
		F613E63113EFCFE900E87E7D /* SCLoginView.h in Headers */ = {isa = PBXBuildFile; fileRef = F613E62F13EFCFE900E87E7D /* SCLoginView.h */; };
		F613E63213EFCFE900E87E7D /* SCLoginView.m in Sources */ = {isa = PBXBuildFile; fileRef = F613E63013EFCFE900E87E7D /* SCLoginView.m */; };
		F623D36613D98C2500379D3C /* SCSharingMailPickerController.h in Headers */ = {isa = PBXBuildFile; fileRef = F623D36413D98C2500379D3C /* SCSharingMailPickerController.h */; };
		F623D36713D98C2500379D3C /* SCSharingMailPickerController.m in Sources */ = {isa = PBXBuildFile; fileRef = F623D36513D98C2500379D3C /* SCSharingMailPickerController.m */; };
		F623D36B13D98C4E00379D3C /* GPCellLoader.h in Headers */ = {isa = PBXBuildFile; fileRef = F623D36913D98C4E00379D3C /* GPCellLoader.h */; };
		F623D36C13D98C4E00379D3C /* GPCellLoader.m in Sources */ = {isa = PBXBuildFile; fileRef = F623D36A13D98C4E00379D3C /* GPCellLoader.m */; };
		F64109B113D87F9500561D0B /* UIKit.framework in Frameworks */ = {isa = PBXBuildFile; fileRef = F64109B013D87F9500561D0B /* UIKit.framework */; };
		F64109B313D87F9F00561D0B /* CoreGraphics.framework in Frameworks */ = {isa = PBXBuildFile; fileRef = F64109B213D87F9F00561D0B /* CoreGraphics.framework */; };
		F64109FC13D885B300561D0B /* QuartzCore_GPKit.h in Headers */ = {isa = PBXBuildFile; fileRef = F64109FA13D885B300561D0B /* QuartzCore_GPKit.h */; };
		F64109FD13D885B300561D0B /* QuartzCore_GPKit.c in Sources */ = {isa = PBXBuildFile; fileRef = F64109FB13D885B300561D0B /* QuartzCore_GPKit.c */; };
		F6410A0013D885C300561D0B /* GPTableCellBackgroundView.h in Headers */ = {isa = PBXBuildFile; fileRef = F64109FE13D885C300561D0B /* GPTableCellBackgroundView.h */; };
		F6410A0113D885C300561D0B /* GPTableCellBackgroundView.m in Sources */ = {isa = PBXBuildFile; fileRef = F64109FF13D885C300561D0B /* GPTableCellBackgroundView.m */; };
		F6410A0413D885CB00561D0B /* GPURLConnection.h in Headers */ = {isa = PBXBuildFile; fileRef = F6410A0213D885CB00561D0B /* GPURLConnection.h */; };
		F6410A0513D885CB00561D0B /* GPURLConnection.m in Sources */ = {isa = PBXBuildFile; fileRef = F6410A0313D885CB00561D0B /* GPURLConnection.m */; };
		F6410A0813D885D900561D0B /* UIImage_GPKit.h in Headers */ = {isa = PBXBuildFile; fileRef = F6410A0613D885D900561D0B /* UIImage_GPKit.h */; };
		F6410A0913D885D900561D0B /* UIImage_GPKit.m in Sources */ = {isa = PBXBuildFile; fileRef = F6410A0713D885D900561D0B /* UIImage_GPKit.m */; };
		F6410A1513D8860D00561D0B /* GPSwitchLabel.h in Headers */ = {isa = PBXBuildFile; fileRef = F6410A1113D8860D00561D0B /* GPSwitchLabel.h */; };
		F6410A1613D8860D00561D0B /* GPSwitchLabel.m in Sources */ = {isa = PBXBuildFile; fileRef = F6410A1213D8860D00561D0B /* GPSwitchLabel.m */; };
		F6410A1913D887AE00561D0B /* GPNetworkActivityController.h in Headers */ = {isa = PBXBuildFile; fileRef = F6410A1713D887AE00561D0B /* GPNetworkActivityController.h */; };
		F6410A1A13D887AE00561D0B /* GPNetworkActivityController.m in Sources */ = {isa = PBXBuildFile; fileRef = F6410A1813D887AE00561D0B /* GPNetworkActivityController.m */; };
		F6410A1D13D887C300561D0B /* UIView_GPKit.h in Headers */ = {isa = PBXBuildFile; fileRef = F6410A1B13D887C300561D0B /* UIView_GPKit.h */; };
		F6410A1E13D887C300561D0B /* UIView_GPKit.m in Sources */ = {isa = PBXBuildFile; fileRef = F6410A1C13D887C300561D0B /* UIView_GPKit.m */; };
		F6525B7D13D5B34A00ACAE8F /* SCSoundCloud+Private.h in Headers */ = {isa = PBXBuildFile; fileRef = F6525B7B13D5B34A00ACAE8F /* SCSoundCloud+Private.h */; settings = {ATTRIBUTES = (Public, ); }; };
		F6525B7E13D5B34A00ACAE8F /* SCSoundCloud+Private.h in Headers */ = {isa = PBXBuildFile; fileRef = F6525B7B13D5B34A00ACAE8F /* SCSoundCloud+Private.h */; };
		F6525B7F13D5B34A00ACAE8F /* SCSoundCloud+Private.m in Sources */ = {isa = PBXBuildFile; fileRef = F6525B7C13D5B34A00ACAE8F /* SCSoundCloud+Private.m */; };
		F6525B8013D5B34A00ACAE8F /* SCSoundCloud+Private.m in Sources */ = {isa = PBXBuildFile; fileRef = F6525B7C13D5B34A00ACAE8F /* SCSoundCloud+Private.m */; };
		F658144713E2EBB000708EF5 /* SCRecordingUploadProgressView.h in Headers */ = {isa = PBXBuildFile; fileRef = F658144513E2EBAF00708EF5 /* SCRecordingUploadProgressView.h */; };
		F658144813E2EBB000708EF5 /* SCRecordingUploadProgressView.m in Sources */ = {isa = PBXBuildFile; fileRef = F658144613E2EBAF00708EF5 /* SCRecordingUploadProgressView.m */; };
		F6622B6713D84A2B0057ADD0 /* Cocoa.framework in Frameworks */ = {isa = PBXBuildFile; fileRef = F6622B6613D84A2B0057ADD0 /* Cocoa.framework */; };
		F665F1A913E1636000AC2118 /* SCSCRecordingSaveViewControllerTitleView.h in Headers */ = {isa = PBXBuildFile; fileRef = F665F1A713E1635F00AC2118 /* SCSCRecordingSaveViewControllerTitleView.h */; };
		F665F1AA13E1636000AC2118 /* SCSCRecordingSaveViewControllerTitleView.m in Sources */ = {isa = PBXBuildFile; fileRef = F665F1A813E1635F00AC2118 /* SCSCRecordingSaveViewControllerTitleView.m */; };
		F66BAD1A13D97B7700996800 /* SCFoursquarePlacePickerControllerDelegate.h in Headers */ = {isa = PBXBuildFile; fileRef = F66BAD1713D97B7700996800 /* SCFoursquarePlacePickerControllerDelegate.h */; };
		F66BAD1B13D97B7700996800 /* SCFoursquarePlacePickerController.h in Headers */ = {isa = PBXBuildFile; fileRef = F66BAD1813D97B7700996800 /* SCFoursquarePlacePickerController.h */; };
		F66BAD1C13D97B7700996800 /* SCFoursquarePlacePickerController.m in Sources */ = {isa = PBXBuildFile; fileRef = F66BAD1913D97B7700996800 /* SCFoursquarePlacePickerController.m */; };
		F66BAD1F13D97BB300996800 /* GPWebAPI.h in Headers */ = {isa = PBXBuildFile; fileRef = F66BAD1D13D97BB300996800 /* GPWebAPI.h */; };
		F66BAD2013D97BB300996800 /* GPWebAPI.m in Sources */ = {isa = PBXBuildFile; fileRef = F66BAD1E13D97BB300996800 /* GPWebAPI.m */; };
		F66BAD2313D97BD800996800 /* NSData+SCKit.h in Headers */ = {isa = PBXBuildFile; fileRef = F66BAD2113D97BD700996800 /* NSData+SCKit.h */; };
		F66BAD2413D97BD800996800 /* NSData+SCKit.m in Sources */ = {isa = PBXBuildFile; fileRef = F66BAD2213D97BD700996800 /* NSData+SCKit.m */; };
		F66BAD2713D97BFE00996800 /* NSString+SCKit.h in Headers */ = {isa = PBXBuildFile; fileRef = F66BAD2513D97BFD00996800 /* NSString+SCKit.h */; };
		F66BAD2813D97BFE00996800 /* NSString+SCKit.m in Sources */ = {isa = PBXBuildFile; fileRef = F66BAD2613D97BFD00996800 /* NSString+SCKit.m */; };
		F66BAD2B13D97C0C00996800 /* NSString_GPKit.h in Headers */ = {isa = PBXBuildFile; fileRef = F66BAD2913D97C0C00996800 /* NSString_GPKit.h */; };
		F66BAD2C13D97C0C00996800 /* NSString_GPKit.m in Sources */ = {isa = PBXBuildFile; fileRef = F66BAD2A13D97C0C00996800 /* NSString_GPKit.m */; };
		F66BAD2E13D97FAB00996800 /* CoreLocation.framework in Frameworks */ = {isa = PBXBuildFile; fileRef = F66BAD2D13D97FAB00996800 /* CoreLocation.framework */; };
		F6900ED013E18FB900B4720B /* SCHorizontalLineView.h in Headers */ = {isa = PBXBuildFile; fileRef = F6900ECE13E18FB900B4720B /* SCHorizontalLineView.h */; };
		F6900ED113E18FB900B4720B /* SCHorizontalLineView.m in Sources */ = {isa = PBXBuildFile; fileRef = F6900ECF13E18FB900B4720B /* SCHorizontalLineView.m */; };
		F6900ED913E19FB700B4720B /* SCUnderlinedButton.h in Headers */ = {isa = PBXBuildFile; fileRef = F6900ED713E19FB700B4720B /* SCUnderlinedButton.h */; };
		F6900EDA13E19FB700B4720B /* SCUnderlinedButton.m in Sources */ = {isa = PBXBuildFile; fileRef = F6900ED813E19FB700B4720B /* SCUnderlinedButton.m */; };
		F6900EDD13E1B3CB00B4720B /* SCCoverImageButton.h in Headers */ = {isa = PBXBuildFile; fileRef = F6900EDB13E1B3CA00B4720B /* SCCoverImageButton.h */; };
		F6900EDE13E1B3CB00B4720B /* SCCoverImageButton.m in Sources */ = {isa = PBXBuildFile; fileRef = F6900EDC13E1B3CB00B4720B /* SCCoverImageButton.m */; };
		F6A9853213D98C9B000AC828 /* SCNameAndEmailCell.h in Headers */ = {isa = PBXBuildFile; fileRef = F6A9853013D98C9B000AC828 /* SCNameAndEmailCell.h */; };
		F6A9853313D98C9B000AC828 /* SCNameAndEmailCell.m in Sources */ = {isa = PBXBuildFile; fileRef = F6A9853113D98C9B000AC828 /* SCNameAndEmailCell.m */; };
		F6A9853E13D98D23000AC828 /* SCAppIsRunningOnIPad.m in Sources */ = {isa = PBXBuildFile; fileRef = F6A9853D13D98D23000AC828 /* SCAppIsRunningOnIPad.m */; };
		F6A9854013D98D34000AC828 /* SCAppIsRunningOnIPad.h in Headers */ = {isa = PBXBuildFile; fileRef = F6A9853F13D98D34000AC828 /* SCAppIsRunningOnIPad.h */; };
		F6A9854413D9A23A000AC828 /* SCAddConnectionViewControllerDelegate.h in Headers */ = {isa = PBXBuildFile; fileRef = F6A9854113D9A239000AC828 /* SCAddConnectionViewControllerDelegate.h */; };
		F6A9854513D9A23A000AC828 /* SCAddConnectionViewController.h in Headers */ = {isa = PBXBuildFile; fileRef = F6A9854213D9A239000AC828 /* SCAddConnectionViewController.h */; };
		F6A9854613D9A23A000AC828 /* SCAddConnectionViewController.m in Sources */ = {isa = PBXBuildFile; fileRef = F6A9854313D9A23A000AC828 /* SCAddConnectionViewController.m */; };
		F6BA73C813D86D8D002A5655 /* SCRecordingSaveViewController.h in Headers */ = {isa = PBXBuildFile; fileRef = F6BA73BC13D86D8D002A5655 /* SCRecordingSaveViewController.h */; };
		F6BA73C913D86D8D002A5655 /* SCRecordingSaveViewController.m in Sources */ = {isa = PBXBuildFile; fileRef = F6BA73BD13D86D8D002A5655 /* SCRecordingSaveViewController.m */; };
		F6CA0FCC13DEED6E00F421DD /* JSONKit.h in Headers */ = {isa = PBXBuildFile; fileRef = F6CA0FCA13DEED6E00F421DD /* JSONKit.h */; };
		F6CA0FCD13DEED6E00F421DD /* JSONKit.m in Sources */ = {isa = PBXBuildFile; fileRef = F6CA0FCB13DEED6E00F421DD /* JSONKit.m */; };
		F6E60D3213DD653100A85727 /* SCShareViewController.h in Headers */ = {isa = PBXBuildFile; fileRef = F6E60D3013DD653100A85727 /* SCShareViewController.h */; settings = {ATTRIBUTES = (); }; };
		F6E60D3313DD653100A85727 /* SCShareViewController.m in Sources */ = {isa = PBXBuildFile; fileRef = F6E60D3113DD653100A85727 /* SCShareViewController.m */; };
		F6E60D3513DD6B6A00A85727 /* SCUI.h in Headers */ = {isa = PBXBuildFile; fileRef = F6E60D3413DD6B6A00A85727 /* SCUI.h */; settings = {ATTRIBUTES = (); }; };
		F6E60D3813DD9EFD00A85727 /* GPSwitch.h in Headers */ = {isa = PBXBuildFile; fileRef = F6E60D3613DD9EFD00A85727 /* GPSwitch.h */; };
		F6E60D3913DD9EFD00A85727 /* GPSwitch.m in Sources */ = {isa = PBXBuildFile; fileRef = F6E60D3713DD9EFD00A85727 /* GPSwitch.m */; };
		F6E60D3C13DD9F0900A85727 /* SCSwitch.h in Headers */ = {isa = PBXBuildFile; fileRef = F6E60D3A13DD9F0900A85727 /* SCSwitch.h */; };
		F6E60D3D13DD9F0900A85727 /* SCSwitch.m in Sources */ = {isa = PBXBuildFile; fileRef = F6E60D3B13DD9F0900A85727 /* SCSwitch.m */; };
		F6E60D6B13DDABA600A85727 /* SCLoginViewController.h in Headers */ = {isa = PBXBuildFile; fileRef = F6E60D6913DDABA600A85727 /* SCLoginViewController.h */; };
		F6E60D6C13DDABA600A85727 /* SCLoginViewController.m in Sources */ = {isa = PBXBuildFile; fileRef = F6E60D6A13DDABA600A85727 /* SCLoginViewController.m */; };
		F6E7CB6813EAA5F600A430D2 /* UIColor+SoundCloud.h in Headers */ = {isa = PBXBuildFile; fileRef = F6E7CB6613EAA5F600A430D2 /* UIColor+SoundCloud.h */; };
		F6E7CB6913EAA5F600A430D2 /* UIColor+SoundCloud.m in Sources */ = {isa = PBXBuildFile; fileRef = F6E7CB6713EAA5F600A430D2 /* UIColor+SoundCloud.m */; };
		F6E7CB6C13EAA60D00A430D2 /* UIFont+SoundCloud.h in Headers */ = {isa = PBXBuildFile; fileRef = F6E7CB6A13EAA60D00A430D2 /* UIFont+SoundCloud.h */; };
		F6E7CB6D13EAA60D00A430D2 /* UIFont+SoundCloud.m in Sources */ = {isa = PBXBuildFile; fileRef = F6E7CB6B13EAA60D00A430D2 /* UIFont+SoundCloud.m */; };
		F6E7CBC713EAB56B00A430D2 /* SCTextField.h in Headers */ = {isa = PBXBuildFile; fileRef = F6E7CBC513EAB56A00A430D2 /* SCTextField.h */; };
		F6E7CBC813EAB56B00A430D2 /* SCTextField.m in Sources */ = {isa = PBXBuildFile; fileRef = F6E7CBC613EAB56B00A430D2 /* SCTextField.m */; };
		F6E88D2513D41F8A008B9CD5 /* SCConstants.h in Headers */ = {isa = PBXBuildFile; fileRef = F6E88D2313D41F8A008B9CD5 /* SCConstants.h */; };
		F6E88D2613D41F8A008B9CD5 /* SCConstants.h in Headers */ = {isa = PBXBuildFile; fileRef = F6E88D2313D41F8A008B9CD5 /* SCConstants.h */; };
		F6E88D2713D41F8A008B9CD5 /* SCConstants.m in Sources */ = {isa = PBXBuildFile; fileRef = F6E88D2413D41F8A008B9CD5 /* SCConstants.m */; };
		F6E88D2813D41F8A008B9CD5 /* SCConstants.m in Sources */ = {isa = PBXBuildFile; fileRef = F6E88D2413D41F8A008B9CD5 /* SCConstants.m */; };
		F6E88D2C13D43A74008B9CD5 /* SCAccount+Private.h in Headers */ = {isa = PBXBuildFile; fileRef = F6E88D2A13D43A73008B9CD5 /* SCAccount+Private.h */; settings = {ATTRIBUTES = (Public, ); }; };
		F6E88D2D13D43A74008B9CD5 /* SCAccount+Private.h in Headers */ = {isa = PBXBuildFile; fileRef = F6E88D2A13D43A73008B9CD5 /* SCAccount+Private.h */; };
		F6E88D3113D43B67008B9CD5 /* SCAccount+Private.m in Sources */ = {isa = PBXBuildFile; fileRef = F6E88D3013D43B67008B9CD5 /* SCAccount+Private.m */; };
		F6E88D3213D43B67008B9CD5 /* SCAccount+Private.m in Sources */ = {isa = PBXBuildFile; fileRef = F6E88D3013D43B67008B9CD5 /* SCAccount+Private.m */; };
/* End PBXBuildFile section */

/* Begin PBXContainerItemProxy section */
		94E5ADA3122C192900C7021A /* PBXContainerItemProxy */ = {
			isa = PBXContainerItemProxy;
			containerPortal = 94E5AD94122C192900C7021A /* OAuth2Client.xcodeproj */;
			proxyType = 2;
			remoteGlobalIDString = D2AAC07E0554694100DB518D;
			remoteInfo = OAuth2Client;
		};
		94E5ADA7122C193000C7021A /* PBXContainerItemProxy */ = {
			isa = PBXContainerItemProxy;
			containerPortal = 94E5AD94122C192900C7021A /* OAuth2Client.xcodeproj */;
			proxyType = 1;
			remoteGlobalIDString = D2AAC07D0554694100DB518D;
			remoteInfo = OAuth2Client;
		};
		94EE49C31238D66200EFDAB1 /* PBXContainerItemProxy */ = {
			isa = PBXContainerItemProxy;
			containerPortal = 94E5AD94122C192900C7021A /* OAuth2Client.xcodeproj */;
			proxyType = 2;
			remoteGlobalIDString = 942FFCD612315E0A00E6C65E;
			remoteInfo = "OAuth2Client Framework";
		};
		99EF0E7C13BB1B29000D7FEA /* PBXContainerItemProxy */ = {
			isa = PBXContainerItemProxy;
			containerPortal = 94E5AD94122C192900C7021A /* OAuth2Client.xcodeproj */;
			proxyType = 1;
			remoteGlobalIDString = 942FFCD512315E0A00E6C65E;
			remoteInfo = OAuth2Client.framework;
		};
/* End PBXContainerItemProxy section */

/* Begin PBXFileReference section */
		82249A9E1248BA100003F0BB /* SoundCloud.bundle */ = {isa = PBXFileReference; lastKnownFileType = "wrapper.plug-in"; path = SoundCloud.bundle; sourceTree = "<group>"; };
		9429A5D2122659D500D31807 /* SCAPI.h */ = {isa = PBXFileReference; fileEncoding = 4; lastKnownFileType = sourcecode.c.h; path = SCAPI.h; sourceTree = "<group>"; };
		9429A5D3122659D500D31807 /* SCAPIErrors.h */ = {isa = PBXFileReference; fileEncoding = 4; lastKnownFileType = sourcecode.c.h; name = SCAPIErrors.h; path = Sources/SoundCloudAPI/SCAPIErrors.h; sourceTree = "<group>"; };
		9429A5D6122659D500D31807 /* SCSoundCloudAPI.h */ = {isa = PBXFileReference; fileEncoding = 4; lastKnownFileType = sourcecode.c.h; name = SCSoundCloudAPI.h; path = Sources/SoundCloudAPI/SCSoundCloudAPI.h; sourceTree = "<group>"; };
		9429A5D7122659D500D31807 /* SCSoundCloudAPI.m */ = {isa = PBXFileReference; fileEncoding = 4; lastKnownFileType = sourcecode.c.objc; name = SCSoundCloudAPI.m; path = Sources/SoundCloudAPI/SCSoundCloudAPI.m; sourceTree = "<group>"; };
		9429A5D8122659D500D31807 /* SCSoundCloudAPIConfiguration.h */ = {isa = PBXFileReference; fileEncoding = 4; lastKnownFileType = sourcecode.c.h; name = SCSoundCloudAPIConfiguration.h; path = Sources/SoundCloudAPI/SCSoundCloudAPIConfiguration.h; sourceTree = "<group>"; };
		9429A5D9122659D500D31807 /* SCSoundCloudAPIConfiguration.m */ = {isa = PBXFileReference; fileEncoding = 4; lastKnownFileType = sourcecode.c.objc; name = SCSoundCloudAPIConfiguration.m; path = Sources/SoundCloudAPI/SCSoundCloudAPIConfiguration.m; sourceTree = "<group>"; };
		9429A5F512265A4A00D31807 /* NSString+SoundCloudAPI.h */ = {isa = PBXFileReference; fileEncoding = 4; lastKnownFileType = sourcecode.c.h; path = "NSString+SoundCloudAPI.h"; sourceTree = "<group>"; };
		9429A5F612265A4A00D31807 /* NSString+SoundCloudAPI.m */ = {isa = PBXFileReference; fileEncoding = 4; lastKnownFileType = sourcecode.c.objc; path = "NSString+SoundCloudAPI.m"; sourceTree = "<group>"; };
		94535F86123FAFDF00BD668A /* SoundCloudAPI.framework */ = {isa = PBXFileReference; explicitFileType = wrapper.framework; includeInIndex = 0; path = SoundCloudAPI.framework; sourceTree = BUILT_PRODUCTS_DIR; };
		94535F87123FAFDF00BD668A /* SoundCloudAPI.framework-Info.plist */ = {isa = PBXFileReference; lastKnownFileType = text.plist.xml; path = "SoundCloudAPI.framework-Info.plist"; sourceTree = "<group>"; };
		945481201248C4C300E6BD3D /* SCAudioStream.h */ = {isa = PBXFileReference; fileEncoding = 4; lastKnownFileType = sourcecode.c.h; path = SCAudioStream.h; sourceTree = "<group>"; };
		945481211248C4C300E6BD3D /* SCAudioStream.m */ = {isa = PBXFileReference; fileEncoding = 4; lastKnownFileType = sourcecode.c.objc; path = SCAudioStream.m; sourceTree = "<group>"; };
		945481221248C4C300E6BD3D /* SCAudioBufferQueue.h */ = {isa = PBXFileReference; fileEncoding = 4; lastKnownFileType = sourcecode.c.h; path = SCAudioBufferQueue.h; sourceTree = "<group>"; };
		945481231248C4C300E6BD3D /* SCAudioBufferQueue.m */ = {isa = PBXFileReference; fileEncoding = 4; lastKnownFileType = sourcecode.c.objc; path = SCAudioBufferQueue.m; sourceTree = "<group>"; };
		945481241248C4C300E6BD3D /* SCAudioFileStreamParser.h */ = {isa = PBXFileReference; fileEncoding = 4; lastKnownFileType = sourcecode.c.h; path = SCAudioFileStreamParser.h; sourceTree = "<group>"; };
		945481251248C4C300E6BD3D /* SCAudioFileStreamParser.m */ = {isa = PBXFileReference; fileEncoding = 4; lastKnownFileType = sourcecode.c.objc; path = SCAudioFileStreamParser.m; sourceTree = "<group>"; };
		945481261248C4C300E6BD3D /* SCAudioStreamPacketDescriptions.h */ = {isa = PBXFileReference; fileEncoding = 4; lastKnownFileType = sourcecode.c.h; path = SCAudioStreamPacketDescriptions.h; sourceTree = "<group>"; };
		945481271248C4C300E6BD3D /* SCAudioStreamPacketDescriptions.m */ = {isa = PBXFileReference; fileEncoding = 4; lastKnownFileType = sourcecode.c.objc; path = SCAudioStreamPacketDescriptions.m; sourceTree = "<group>"; };
		945481851248D94900E6BD3D /* AudioToolbox.framework */ = {isa = PBXFileReference; lastKnownFileType = wrapper.framework; name = AudioToolbox.framework; path = /System/Library/Frameworks/AudioToolbox.framework; sourceTree = "<absolute>"; };
		94E5AD94122C192900C7021A /* OAuth2Client.xcodeproj */ = {isa = PBXFileReference; lastKnownFileType = "wrapper.pb-project"; name = OAuth2Client.xcodeproj; path = OAuth2Client/OAuth2Client.xcodeproj; sourceTree = "<group>"; };
		94EE4A6D1238E74F00EFDAB1 /* SCSoundCloudAPIDelegate.h */ = {isa = PBXFileReference; fileEncoding = 4; lastKnownFileType = sourcecode.c.h; name = SCSoundCloudAPIDelegate.h; path = Sources/SoundCloudAPI/SCSoundCloudAPIDelegate.h; sourceTree = "<group>"; };
		94EE4B4C12390D3800EFDAB1 /* SCSoundCloudAPIAuthenticationDelegate.h */ = {isa = PBXFileReference; fileEncoding = 4; lastKnownFileType = sourcecode.c.h; name = SCSoundCloudAPIAuthenticationDelegate.h; path = Sources/SoundCloudAPI/SCSoundCloudAPIAuthenticationDelegate.h; sourceTree = "<group>"; };
		94EE4B4E12390D5200EFDAB1 /* SCSoundCloudAPIAuthentication.h */ = {isa = PBXFileReference; fileEncoding = 4; lastKnownFileType = sourcecode.c.h; name = SCSoundCloudAPIAuthentication.h; path = Sources/SoundCloudAPI/SCSoundCloudAPIAuthentication.h; sourceTree = "<group>"; };
		94EE4B4F12390D5200EFDAB1 /* SCSoundCloudAPIAuthentication.m */ = {isa = PBXFileReference; fileEncoding = 4; lastKnownFileType = sourcecode.c.objc; name = SCSoundCloudAPIAuthentication.m; path = Sources/SoundCloudAPI/SCSoundCloudAPIAuthentication.m; sourceTree = "<group>"; };
		94F5B56D1282FD16000D7CD1 /* CoreServices.framework */ = {isa = PBXFileReference; lastKnownFileType = wrapper.framework; name = CoreServices.framework; path = /System/Library/Frameworks/CoreServices.framework; sourceTree = "<absolute>"; };
		99F79A5C13A15371002555F0 /* OAuth2Client.framework */ = {isa = PBXFileReference; explicitFileType = wrapper.framework; path = OAuth2Client.framework; sourceTree = BUILT_PRODUCTS_DIR; };
		AA747D9E0F9514B9006C5449 /* SoundCloudAPI_Prefix.pch */ = {isa = PBXFileReference; fileEncoding = 4; lastKnownFileType = sourcecode.c.h; path = SoundCloudAPI_Prefix.pch; sourceTree = "<group>"; };
		AACBBE490F95108600F1A2B1 /* Foundation.framework */ = {isa = PBXFileReference; lastKnownFileType = wrapper.framework; name = Foundation.framework; path = System/Library/Frameworks/Foundation.framework; sourceTree = SDKROOT; };
		D2AAC07E0554694100DB518D /* libSoundCloudAPI.a */ = {isa = PBXFileReference; explicitFileType = archive.ar; includeInIndex = 0; path = libSoundCloudAPI.a; sourceTree = BUILT_PRODUCTS_DIR; };
		F60627ED13E05E99004A7E4E /* SCRecordingSaveViewControllerHeaderView.h */ = {isa = PBXFileReference; fileEncoding = 4; lastKnownFileType = sourcecode.c.h; name = SCRecordingSaveViewControllerHeaderView.h; path = Sources/SoundCloudUI/SCRecordingSaveViewControllerHeaderView.h; sourceTree = SOURCE_ROOT; };
		F60627EE13E05E99004A7E4E /* SCRecordingSaveViewControllerHeaderView.m */ = {isa = PBXFileReference; fileEncoding = 4; lastKnownFileType = sourcecode.c.objc; lineEnding = 0; name = SCRecordingSaveViewControllerHeaderView.m; path = Sources/SoundCloudUI/SCRecordingSaveViewControllerHeaderView.m; sourceTree = SOURCE_ROOT; xcLanguageSpecificationIdentifier = xcode.lang.objc; };
		F60627F613E066D3004A7E4E /* SCBundle.h */ = {isa = PBXFileReference; fileEncoding = 4; lastKnownFileType = sourcecode.c.h; name = SCBundle.h; path = Sources/SoundCloudUI/SCBundle.h; sourceTree = SOURCE_ROOT; };
		F60627F713E066D3004A7E4E /* SCBundle.m */ = {isa = PBXFileReference; fileEncoding = 4; lastKnownFileType = sourcecode.c.objc; name = SCBundle.m; path = Sources/SoundCloudUI/SCBundle.m; sourceTree = SOURCE_ROOT; };
		F60811E113D050180040EC66 /* SCSoundCloud.h */ = {isa = PBXFileReference; fileEncoding = 4; lastKnownFileType = sourcecode.c.h; path = SCSoundCloud.h; sourceTree = "<group>"; };
		F60811E213D050180040EC66 /* SCSoundCloud.m */ = {isa = PBXFileReference; fileEncoding = 4; lastKnownFileType = sourcecode.c.objc; path = SCSoundCloud.m; sourceTree = "<group>"; };
		F60811E713D051420040EC66 /* SCAccount.h */ = {isa = PBXFileReference; fileEncoding = 4; lastKnownFileType = sourcecode.c.h; path = SCAccount.h; sourceTree = "<group>"; };
		F60811E813D051420040EC66 /* SCAccount.m */ = {isa = PBXFileReference; fileEncoding = 4; lastKnownFileType = sourcecode.c.objc; path = SCAccount.m; sourceTree = "<group>"; };
		F60811ED13D051840040EC66 /* SCRequest.h */ = {isa = PBXFileReference; fileEncoding = 4; lastKnownFileType = sourcecode.c.h; path = SCRequest.h; sourceTree = "<group>"; };
		F60811EE13D051840040EC66 /* SCRequest.m */ = {isa = PBXFileReference; fileEncoding = 4; lastKnownFileType = sourcecode.c.objc; path = SCRequest.m; sourceTree = "<group>"; };
		F613E62F13EFCFE900E87E7D /* SCLoginView.h */ = {isa = PBXFileReference; fileEncoding = 4; lastKnownFileType = sourcecode.c.h; path = SCLoginView.h; sourceTree = "<group>"; };
		F613E63013EFCFE900E87E7D /* SCLoginView.m */ = {isa = PBXFileReference; fileEncoding = 4; lastKnownFileType = sourcecode.c.objc; path = SCLoginView.m; sourceTree = "<group>"; };
		F623D36413D98C2500379D3C /* SCSharingMailPickerController.h */ = {isa = PBXFileReference; fileEncoding = 4; lastKnownFileType = sourcecode.c.h; name = SCSharingMailPickerController.h; path = ../SoundCloudUI/SCSharingMailPickerController.h; sourceTree = "<group>"; };
		F623D36513D98C2500379D3C /* SCSharingMailPickerController.m */ = {isa = PBXFileReference; fileEncoding = 4; lastKnownFileType = sourcecode.c.objc; lineEnding = 0; name = SCSharingMailPickerController.m; path = ../SoundCloudUI/SCSharingMailPickerController.m; sourceTree = "<group>"; xcLanguageSpecificationIdentifier = xcode.lang.objc; };
		F623D36913D98C4E00379D3C /* GPCellLoader.h */ = {isa = PBXFileReference; fileEncoding = 4; lastKnownFileType = sourcecode.c.h; name = GPCellLoader.h; path = ../SoundCloudUI/GPCellLoader.h; sourceTree = "<group>"; };
		F623D36A13D98C4E00379D3C /* GPCellLoader.m */ = {isa = PBXFileReference; fileEncoding = 4; lastKnownFileType = sourcecode.c.objc; name = GPCellLoader.m; path = ../SoundCloudUI/GPCellLoader.m; sourceTree = "<group>"; };
		F64109B013D87F9500561D0B /* UIKit.framework */ = {isa = PBXFileReference; lastKnownFileType = wrapper.framework; name = UIKit.framework; path = Platforms/iPhoneOS.platform/Developer/SDKs/iPhoneOS4.3.sdk/System/Library/Frameworks/UIKit.framework; sourceTree = DEVELOPER_DIR; };
		F64109B213D87F9F00561D0B /* CoreGraphics.framework */ = {isa = PBXFileReference; lastKnownFileType = wrapper.framework; name = CoreGraphics.framework; path = Platforms/iPhoneOS.platform/Developer/SDKs/iPhoneOS4.3.sdk/System/Library/Frameworks/CoreGraphics.framework; sourceTree = DEVELOPER_DIR; };
		F64109FA13D885B300561D0B /* QuartzCore_GPKit.h */ = {isa = PBXFileReference; fileEncoding = 4; lastKnownFileType = sourcecode.c.h; name = QuartzCore_GPKit.h; path = ../SoundCloudUI/QuartzCore_GPKit.h; sourceTree = "<group>"; };
		F64109FB13D885B300561D0B /* QuartzCore_GPKit.c */ = {isa = PBXFileReference; fileEncoding = 4; lastKnownFileType = sourcecode.c.c; name = QuartzCore_GPKit.c; path = ../SoundCloudUI/QuartzCore_GPKit.c; sourceTree = "<group>"; };
		F64109FE13D885C300561D0B /* GPTableCellBackgroundView.h */ = {isa = PBXFileReference; fileEncoding = 4; lastKnownFileType = sourcecode.c.h; name = GPTableCellBackgroundView.h; path = ../SoundCloudUI/GPTableCellBackgroundView.h; sourceTree = "<group>"; };
		F64109FF13D885C300561D0B /* GPTableCellBackgroundView.m */ = {isa = PBXFileReference; fileEncoding = 4; lastKnownFileType = sourcecode.c.objc; name = GPTableCellBackgroundView.m; path = ../SoundCloudUI/GPTableCellBackgroundView.m; sourceTree = "<group>"; };
		F6410A0213D885CB00561D0B /* GPURLConnection.h */ = {isa = PBXFileReference; fileEncoding = 4; lastKnownFileType = sourcecode.c.h; name = GPURLConnection.h; path = ../SoundCloudUI/GPURLConnection.h; sourceTree = "<group>"; };
		F6410A0313D885CB00561D0B /* GPURLConnection.m */ = {isa = PBXFileReference; fileEncoding = 4; lastKnownFileType = sourcecode.c.objc; name = GPURLConnection.m; path = ../SoundCloudUI/GPURLConnection.m; sourceTree = "<group>"; };
		F6410A0613D885D900561D0B /* UIImage_GPKit.h */ = {isa = PBXFileReference; fileEncoding = 4; lastKnownFileType = sourcecode.c.h; name = UIImage_GPKit.h; path = ../SoundCloudUI/UIImage_GPKit.h; sourceTree = "<group>"; };
		F6410A0713D885D900561D0B /* UIImage_GPKit.m */ = {isa = PBXFileReference; fileEncoding = 4; lastKnownFileType = sourcecode.c.objc; name = UIImage_GPKit.m; path = ../SoundCloudUI/UIImage_GPKit.m; sourceTree = "<group>"; };
		F6410A1113D8860D00561D0B /* GPSwitchLabel.h */ = {isa = PBXFileReference; fileEncoding = 4; lastKnownFileType = sourcecode.c.h; name = GPSwitchLabel.h; path = ../SoundCloudUI/GPSwitchLabel.h; sourceTree = "<group>"; };
		F6410A1213D8860D00561D0B /* GPSwitchLabel.m */ = {isa = PBXFileReference; fileEncoding = 4; lastKnownFileType = sourcecode.c.objc; name = GPSwitchLabel.m; path = ../SoundCloudUI/GPSwitchLabel.m; sourceTree = "<group>"; };
		F6410A1713D887AE00561D0B /* GPNetworkActivityController.h */ = {isa = PBXFileReference; fileEncoding = 4; lastKnownFileType = sourcecode.c.h; name = GPNetworkActivityController.h; path = ../SoundCloudUI/GPNetworkActivityController.h; sourceTree = "<group>"; };
		F6410A1813D887AE00561D0B /* GPNetworkActivityController.m */ = {isa = PBXFileReference; fileEncoding = 4; lastKnownFileType = sourcecode.c.objc; name = GPNetworkActivityController.m; path = ../SoundCloudUI/GPNetworkActivityController.m; sourceTree = "<group>"; };
		F6410A1B13D887C300561D0B /* UIView_GPKit.h */ = {isa = PBXFileReference; fileEncoding = 4; lastKnownFileType = sourcecode.c.h; name = UIView_GPKit.h; path = ../SoundCloudUI/UIView_GPKit.h; sourceTree = "<group>"; };
		F6410A1C13D887C300561D0B /* UIView_GPKit.m */ = {isa = PBXFileReference; fileEncoding = 4; lastKnownFileType = sourcecode.c.objc; name = UIView_GPKit.m; path = ../SoundCloudUI/UIView_GPKit.m; sourceTree = "<group>"; };
		F6525B7B13D5B34A00ACAE8F /* SCSoundCloud+Private.h */ = {isa = PBXFileReference; fileEncoding = 4; lastKnownFileType = sourcecode.c.h; path = "SCSoundCloud+Private.h"; sourceTree = "<group>"; };
		F6525B7C13D5B34A00ACAE8F /* SCSoundCloud+Private.m */ = {isa = PBXFileReference; fileEncoding = 4; lastKnownFileType = sourcecode.c.objc; path = "SCSoundCloud+Private.m"; sourceTree = "<group>"; };
		F658144513E2EBAF00708EF5 /* SCRecordingUploadProgressView.h */ = {isa = PBXFileReference; fileEncoding = 4; lastKnownFileType = sourcecode.c.h; name = SCRecordingUploadProgressView.h; path = Sources/SoundCloudUI/SCRecordingUploadProgressView.h; sourceTree = SOURCE_ROOT; };
		F658144613E2EBAF00708EF5 /* SCRecordingUploadProgressView.m */ = {isa = PBXFileReference; fileEncoding = 4; lastKnownFileType = sourcecode.c.objc; name = SCRecordingUploadProgressView.m; path = Sources/SoundCloudUI/SCRecordingUploadProgressView.m; sourceTree = SOURCE_ROOT; };
		F6622B6613D84A2B0057ADD0 /* Cocoa.framework */ = {isa = PBXFileReference; lastKnownFileType = wrapper.framework; name = Cocoa.framework; path = /System/Library/Frameworks/Cocoa.framework; sourceTree = "<absolute>"; };
		F665F1A713E1635F00AC2118 /* SCSCRecordingSaveViewControllerTitleView.h */ = {isa = PBXFileReference; fileEncoding = 4; lastKnownFileType = sourcecode.c.h; name = SCSCRecordingSaveViewControllerTitleView.h; path = Sources/SoundCloudUI/SCSCRecordingSaveViewControllerTitleView.h; sourceTree = SOURCE_ROOT; };
		F665F1A813E1635F00AC2118 /* SCSCRecordingSaveViewControllerTitleView.m */ = {isa = PBXFileReference; fileEncoding = 4; lastKnownFileType = sourcecode.c.objc; name = SCSCRecordingSaveViewControllerTitleView.m; path = Sources/SoundCloudUI/SCSCRecordingSaveViewControllerTitleView.m; sourceTree = SOURCE_ROOT; };
		F66BAD1713D97B7700996800 /* SCFoursquarePlacePickerControllerDelegate.h */ = {isa = PBXFileReference; fileEncoding = 4; lastKnownFileType = sourcecode.c.h; name = SCFoursquarePlacePickerControllerDelegate.h; path = ../SoundCloudUI/SCFoursquarePlacePickerControllerDelegate.h; sourceTree = "<group>"; };
		F66BAD1813D97B7700996800 /* SCFoursquarePlacePickerController.h */ = {isa = PBXFileReference; fileEncoding = 4; lastKnownFileType = sourcecode.c.h; name = SCFoursquarePlacePickerController.h; path = ../SoundCloudUI/SCFoursquarePlacePickerController.h; sourceTree = "<group>"; };
		F66BAD1913D97B7700996800 /* SCFoursquarePlacePickerController.m */ = {isa = PBXFileReference; fileEncoding = 4; lastKnownFileType = sourcecode.c.objc; name = SCFoursquarePlacePickerController.m; path = ../SoundCloudUI/SCFoursquarePlacePickerController.m; sourceTree = "<group>"; };
		F66BAD1D13D97BB300996800 /* GPWebAPI.h */ = {isa = PBXFileReference; fileEncoding = 4; lastKnownFileType = sourcecode.c.h; name = GPWebAPI.h; path = ../SoundCloudUI/GPWebAPI.h; sourceTree = "<group>"; };
		F66BAD1E13D97BB300996800 /* GPWebAPI.m */ = {isa = PBXFileReference; fileEncoding = 4; lastKnownFileType = sourcecode.c.objc; name = GPWebAPI.m; path = ../SoundCloudUI/GPWebAPI.m; sourceTree = "<group>"; };
		F66BAD2113D97BD700996800 /* NSData+SCKit.h */ = {isa = PBXFileReference; fileEncoding = 4; lastKnownFileType = sourcecode.c.h; name = "NSData+SCKit.h"; path = "../SoundCloudUI/NSData+SCKit.h"; sourceTree = "<group>"; };
		F66BAD2213D97BD700996800 /* NSData+SCKit.m */ = {isa = PBXFileReference; fileEncoding = 4; lastKnownFileType = sourcecode.c.objc; name = "NSData+SCKit.m"; path = "../SoundCloudUI/NSData+SCKit.m"; sourceTree = "<group>"; };
		F66BAD2513D97BFD00996800 /* NSString+SCKit.h */ = {isa = PBXFileReference; fileEncoding = 4; lastKnownFileType = sourcecode.c.h; name = "NSString+SCKit.h"; path = "../SoundCloudUI/NSString+SCKit.h"; sourceTree = "<group>"; };
		F66BAD2613D97BFD00996800 /* NSString+SCKit.m */ = {isa = PBXFileReference; fileEncoding = 4; lastKnownFileType = sourcecode.c.objc; name = "NSString+SCKit.m"; path = "../SoundCloudUI/NSString+SCKit.m"; sourceTree = "<group>"; };
		F66BAD2913D97C0C00996800 /* NSString_GPKit.h */ = {isa = PBXFileReference; fileEncoding = 4; lastKnownFileType = sourcecode.c.h; name = NSString_GPKit.h; path = ../SoundCloudUI/NSString_GPKit.h; sourceTree = "<group>"; };
		F66BAD2A13D97C0C00996800 /* NSString_GPKit.m */ = {isa = PBXFileReference; fileEncoding = 4; lastKnownFileType = sourcecode.c.objc; name = NSString_GPKit.m; path = ../SoundCloudUI/NSString_GPKit.m; sourceTree = "<group>"; };
		F66BAD2D13D97FAB00996800 /* CoreLocation.framework */ = {isa = PBXFileReference; lastKnownFileType = wrapper.framework; name = CoreLocation.framework; path = Platforms/iPhoneOS.platform/Developer/SDKs/iPhoneOS4.3.sdk/System/Library/Frameworks/CoreLocation.framework; sourceTree = DEVELOPER_DIR; };
		F6900ECE13E18FB900B4720B /* SCHorizontalLineView.h */ = {isa = PBXFileReference; fileEncoding = 4; lastKnownFileType = sourcecode.c.h; name = SCHorizontalLineView.h; path = Sources/SoundCloudUI/SCHorizontalLineView.h; sourceTree = SOURCE_ROOT; };
		F6900ECF13E18FB900B4720B /* SCHorizontalLineView.m */ = {isa = PBXFileReference; fileEncoding = 4; lastKnownFileType = sourcecode.c.objc; name = SCHorizontalLineView.m; path = Sources/SoundCloudUI/SCHorizontalLineView.m; sourceTree = SOURCE_ROOT; };
		F6900ED713E19FB700B4720B /* SCUnderlinedButton.h */ = {isa = PBXFileReference; fileEncoding = 4; lastKnownFileType = sourcecode.c.h; name = SCUnderlinedButton.h; path = Sources/SoundCloudUI/SCUnderlinedButton.h; sourceTree = SOURCE_ROOT; };
		F6900ED813E19FB700B4720B /* SCUnderlinedButton.m */ = {isa = PBXFileReference; fileEncoding = 4; lastKnownFileType = sourcecode.c.objc; name = SCUnderlinedButton.m; path = Sources/SoundCloudUI/SCUnderlinedButton.m; sourceTree = SOURCE_ROOT; };
		F6900EDB13E1B3CA00B4720B /* SCCoverImageButton.h */ = {isa = PBXFileReference; fileEncoding = 4; lastKnownFileType = sourcecode.c.h; name = SCCoverImageButton.h; path = Sources/SoundCloudUI/SCCoverImageButton.h; sourceTree = SOURCE_ROOT; };
		F6900EDC13E1B3CB00B4720B /* SCCoverImageButton.m */ = {isa = PBXFileReference; fileEncoding = 4; lastKnownFileType = sourcecode.c.objc; name = SCCoverImageButton.m; path = Sources/SoundCloudUI/SCCoverImageButton.m; sourceTree = SOURCE_ROOT; };
		F6A9853013D98C9B000AC828 /* SCNameAndEmailCell.h */ = {isa = PBXFileReference; fileEncoding = 4; lastKnownFileType = sourcecode.c.h; name = SCNameAndEmailCell.h; path = ../SoundCloudUI/SCNameAndEmailCell.h; sourceTree = "<group>"; };
		F6A9853113D98C9B000AC828 /* SCNameAndEmailCell.m */ = {isa = PBXFileReference; fileEncoding = 4; lastKnownFileType = sourcecode.c.objc; name = SCNameAndEmailCell.m; path = ../SoundCloudUI/SCNameAndEmailCell.m; sourceTree = "<group>"; };
		F6A9853D13D98D23000AC828 /* SCAppIsRunningOnIPad.m */ = {isa = PBXFileReference; fileEncoding = 4; lastKnownFileType = sourcecode.c.objc; name = SCAppIsRunningOnIPad.m; path = ../SoundCloudUI/SCAppIsRunningOnIPad.m; sourceTree = "<group>"; };
		F6A9853F13D98D34000AC828 /* SCAppIsRunningOnIPad.h */ = {isa = PBXFileReference; fileEncoding = 4; lastKnownFileType = sourcecode.c.h; name = SCAppIsRunningOnIPad.h; path = ../SoundCloudUI/SCAppIsRunningOnIPad.h; sourceTree = "<group>"; };
		F6A9854113D9A239000AC828 /* SCAddConnectionViewControllerDelegate.h */ = {isa = PBXFileReference; fileEncoding = 4; lastKnownFileType = sourcecode.c.h; name = SCAddConnectionViewControllerDelegate.h; path = ../SoundCloudUI/SCAddConnectionViewControllerDelegate.h; sourceTree = "<group>"; };
		F6A9854213D9A239000AC828 /* SCAddConnectionViewController.h */ = {isa = PBXFileReference; fileEncoding = 4; lastKnownFileType = sourcecode.c.h; name = SCAddConnectionViewController.h; path = ../SoundCloudUI/SCAddConnectionViewController.h; sourceTree = "<group>"; };
		F6A9854313D9A23A000AC828 /* SCAddConnectionViewController.m */ = {isa = PBXFileReference; fileEncoding = 4; lastKnownFileType = sourcecode.c.objc; name = SCAddConnectionViewController.m; path = ../SoundCloudUI/SCAddConnectionViewController.m; sourceTree = "<group>"; };
		F6BA73BC13D86D8D002A5655 /* SCRecordingSaveViewController.h */ = {isa = PBXFileReference; fileEncoding = 4; lastKnownFileType = sourcecode.c.h; name = SCRecordingSaveViewController.h; path = ../SoundCloudUI/SCRecordingSaveViewController.h; sourceTree = "<group>"; };
		F6BA73BD13D86D8D002A5655 /* SCRecordingSaveViewController.m */ = {isa = PBXFileReference; fileEncoding = 4; lastKnownFileType = sourcecode.c.objc; lineEnding = 0; name = SCRecordingSaveViewController.m; path = ../SoundCloudUI/SCRecordingSaveViewController.m; sourceTree = "<group>"; xcLanguageSpecificationIdentifier = xcode.lang.objc; };
		F6CA0FCA13DEED6E00F421DD /* JSONKit.h */ = {isa = PBXFileReference; fileEncoding = 4; lastKnownFileType = sourcecode.c.h; path = JSONKit.h; sourceTree = "<group>"; };
		F6CA0FCB13DEED6E00F421DD /* JSONKit.m */ = {isa = PBXFileReference; fileEncoding = 4; lastKnownFileType = sourcecode.c.objc; path = JSONKit.m; sourceTree = "<group>"; };
		F6E60D3013DD653100A85727 /* SCShareViewController.h */ = {isa = PBXFileReference; fileEncoding = 4; lastKnownFileType = sourcecode.c.h; name = SCShareViewController.h; path = SoundCloudUI/SCShareViewController.h; sourceTree = "<group>"; };
		F6E60D3113DD653100A85727 /* SCShareViewController.m */ = {isa = PBXFileReference; fileEncoding = 4; lastKnownFileType = sourcecode.c.objc; name = SCShareViewController.m; path = SoundCloudUI/SCShareViewController.m; sourceTree = "<group>"; };
		F6E60D3413DD6B6A00A85727 /* SCUI.h */ = {isa = PBXFileReference; fileEncoding = 4; lastKnownFileType = sourcecode.c.h; name = SCUI.h; path = SoundCloudUI/SCUI.h; sourceTree = "<group>"; };
		F6E60D3613DD9EFD00A85727 /* GPSwitch.h */ = {isa = PBXFileReference; fileEncoding = 4; lastKnownFileType = sourcecode.c.h; path = GPSwitch.h; sourceTree = "<group>"; };
		F6E60D3713DD9EFD00A85727 /* GPSwitch.m */ = {isa = PBXFileReference; fileEncoding = 4; lastKnownFileType = sourcecode.c.objc; path = GPSwitch.m; sourceTree = "<group>"; };
		F6E60D3A13DD9F0900A85727 /* SCSwitch.h */ = {isa = PBXFileReference; fileEncoding = 4; lastKnownFileType = sourcecode.c.h; path = SCSwitch.h; sourceTree = "<group>"; };
		F6E60D3B13DD9F0900A85727 /* SCSwitch.m */ = {isa = PBXFileReference; fileEncoding = 4; lastKnownFileType = sourcecode.c.objc; path = SCSwitch.m; sourceTree = "<group>"; };
		F6E60D6913DDABA600A85727 /* SCLoginViewController.h */ = {isa = PBXFileReference; fileEncoding = 4; lastKnownFileType = sourcecode.c.h; name = SCLoginViewController.h; path = SoundCloudUI/SCLoginViewController.h; sourceTree = "<group>"; };
		F6E60D6A13DDABA600A85727 /* SCLoginViewController.m */ = {isa = PBXFileReference; fileEncoding = 4; lastKnownFileType = sourcecode.c.objc; lineEnding = 0; name = SCLoginViewController.m; path = SoundCloudUI/SCLoginViewController.m; sourceTree = "<group>"; xcLanguageSpecificationIdentifier = xcode.lang.objc; };
		F6E7CB6613EAA5F600A430D2 /* UIColor+SoundCloud.h */ = {isa = PBXFileReference; fileEncoding = 4; lastKnownFileType = sourcecode.c.h; name = "UIColor+SoundCloud.h"; path = "Sources/SoundCloudUI/UIColor+SoundCloud.h"; sourceTree = SOURCE_ROOT; };
		F6E7CB6713EAA5F600A430D2 /* UIColor+SoundCloud.m */ = {isa = PBXFileReference; fileEncoding = 4; lastKnownFileType = sourcecode.c.objc; name = "UIColor+SoundCloud.m"; path = "Sources/SoundCloudUI/UIColor+SoundCloud.m"; sourceTree = SOURCE_ROOT; };
		F6E7CB6A13EAA60D00A430D2 /* UIFont+SoundCloud.h */ = {isa = PBXFileReference; fileEncoding = 4; lastKnownFileType = sourcecode.c.h; name = "UIFont+SoundCloud.h"; path = "Sources/SoundCloudUI/UIFont+SoundCloud.h"; sourceTree = SOURCE_ROOT; };
		F6E7CB6B13EAA60D00A430D2 /* UIFont+SoundCloud.m */ = {isa = PBXFileReference; fileEncoding = 4; lastKnownFileType = sourcecode.c.objc; name = "UIFont+SoundCloud.m"; path = "Sources/SoundCloudUI/UIFont+SoundCloud.m"; sourceTree = SOURCE_ROOT; };
		F6E7CBC513EAB56A00A430D2 /* SCTextField.h */ = {isa = PBXFileReference; fileEncoding = 4; lastKnownFileType = sourcecode.c.h; name = SCTextField.h; path = Sources/SoundCloudUI/SCTextField.h; sourceTree = SOURCE_ROOT; };
		F6E7CBC613EAB56B00A430D2 /* SCTextField.m */ = {isa = PBXFileReference; fileEncoding = 4; lastKnownFileType = sourcecode.c.objc; name = SCTextField.m; path = Sources/SoundCloudUI/SCTextField.m; sourceTree = SOURCE_ROOT; };
		F6E88D2313D41F8A008B9CD5 /* SCConstants.h */ = {isa = PBXFileReference; fileEncoding = 4; lastKnownFileType = sourcecode.c.h; path = SCConstants.h; sourceTree = "<group>"; };
		F6E88D2413D41F8A008B9CD5 /* SCConstants.m */ = {isa = PBXFileReference; fileEncoding = 4; lastKnownFileType = sourcecode.c.objc; path = SCConstants.m; sourceTree = "<group>"; };
		F6E88D2A13D43A73008B9CD5 /* SCAccount+Private.h */ = {isa = PBXFileReference; fileEncoding = 4; lastKnownFileType = sourcecode.c.h; path = "SCAccount+Private.h"; sourceTree = "<group>"; };
		F6E88D3013D43B67008B9CD5 /* SCAccount+Private.m */ = {isa = PBXFileReference; fileEncoding = 4; lastKnownFileType = sourcecode.c.objc; path = "SCAccount+Private.m"; sourceTree = "<group>"; };
/* End PBXFileReference section */

/* Begin PBXFrameworksBuildPhase section */
		94535F84123FAFDF00BD668A /* Frameworks */ = {
			isa = PBXFrameworksBuildPhase;
			buildActionMask = 2147483647;
			files = (
				F6622B6713D84A2B0057ADD0 /* Cocoa.framework in Frameworks */,
				9454819A1248D95E00E6BD3D /* AudioToolbox.framework in Frameworks */,
				99F79A5D13A15371002555F0 /* OAuth2Client.framework in Frameworks */,
				9454819B1248D95E00E6BD3D /* Foundation.framework in Frameworks */,
				94F5B56E1282FD16000D7CD1 /* CoreServices.framework in Frameworks */,
			);
			runOnlyForDeploymentPostprocessing = 0;
		};
		D2AAC07C0554694100DB518D /* Frameworks */ = {
			isa = PBXFrameworksBuildPhase;
			buildActionMask = 2147483647;
			files = (
				F66BAD2E13D97FAB00996800 /* CoreLocation.framework in Frameworks */,
				F64109B313D87F9F00561D0B /* CoreGraphics.framework in Frameworks */,
				F64109B113D87F9500561D0B /* UIKit.framework in Frameworks */,
				94E5ADA9122C193D00C7021A /* libOAuth2Client.a in Frameworks */,
				AACBBE4A0F95108600F1A2B1 /* Foundation.framework in Frameworks */,
				945481861248D94900E6BD3D /* AudioToolbox.framework in Frameworks */,
			);
			runOnlyForDeploymentPostprocessing = 0;
		};
/* End PBXFrameworksBuildPhase section */

/* Begin PBXGroup section */
		034768DFFF38A50411DB9C8B /* Products */ = {
			isa = PBXGroup;
			children = (
				D2AAC07E0554694100DB518D /* libSoundCloudAPI.a */,
				94535F86123FAFDF00BD668A /* SoundCloudAPI.framework */,
			);
			name = Products;
			sourceTree = "<group>";
		};
		0867D691FE84028FC02AAC07 /* SoundCloudAPI */ = {
			isa = PBXGroup;
			children = (
				9429A5CF1226591400D31807 /* Outsourced */,
				08FB77AEFE84172EC02AAC07 /* Sources */,
				0867D69AFE84028FC02AAC07 /* Frameworks */,
				034768DFFF38A50411DB9C8B /* Products */,
				94535F9E123FB2CC00BD668A /* Resources */,
			);
			name = SoundCloudAPI;
			sourceTree = "<group>";
		};
		0867D69AFE84028FC02AAC07 /* Frameworks */ = {
			isa = PBXGroup;
			children = (
				F66BAD2D13D97FAB00996800 /* CoreLocation.framework */,
				F64109B213D87F9F00561D0B /* CoreGraphics.framework */,
				F64109B013D87F9500561D0B /* UIKit.framework */,
				F6622B6613D84A2B0057ADD0 /* Cocoa.framework */,
				99F79A5C13A15371002555F0 /* OAuth2Client.framework */,
				94F5B56D1282FD16000D7CD1 /* CoreServices.framework */,
				945481851248D94900E6BD3D /* AudioToolbox.framework */,
				AACBBE490F95108600F1A2B1 /* Foundation.framework */,
			);
			name = Frameworks;
			sourceTree = "<group>";
		};
		08FB77AEFE84172EC02AAC07 /* Sources */ = {
			isa = PBXGroup;
			children = (
				9429A5D1122659D500D31807 /* SoundCloudAPI */,
				F6E60D2E13DD61C800A85727 /* SoundCloudUI */,
				9429A5F412265A4A00D31807 /* CocoaExtensions */,
				9429A5EE122659EE00D31807 /* Others */,
			);
			path = Sources;
			sourceTree = "<group>";
		};
		9429A5CF1226591400D31807 /* Outsourced */ = {
			isa = PBXGroup;
			children = (
				94E5AD94122C192900C7021A /* OAuth2Client.xcodeproj */,
			);
			path = Outsourced;
			sourceTree = "<group>";
		};
		9429A5D1122659D500D31807 /* SoundCloudAPI */ = {
			isa = PBXGroup;
			children = (
				9429A5D2122659D500D31807 /* SCAPI.h */,
				F6E88D2313D41F8A008B9CD5 /* SCConstants.h */,
				F6E88D2413D41F8A008B9CD5 /* SCConstants.m */,
				F60811E113D050180040EC66 /* SCSoundCloud.h */,
				F60811E213D050180040EC66 /* SCSoundCloud.m */,
				F60811E713D051420040EC66 /* SCAccount.h */,
				F60811E813D051420040EC66 /* SCAccount.m */,
				F60811ED13D051840040EC66 /* SCRequest.h */,
				F60811EE13D051840040EC66 /* SCRequest.m */,
				F6E1A12C13D723BA00B6DAC3 /* Legacy API */,
				9454811C1248C4A900E6BD3D /* Streaming */,
				F6525B8213D5B34E00ACAE8F /* Private */,
			);
			path = SoundCloudAPI;
			sourceTree = "<group>";
		};
		9429A5EE122659EE00D31807 /* Others */ = {
			isa = PBXGroup;
			children = (
				AA747D9E0F9514B9006C5449 /* SoundCloudAPI_Prefix.pch */,
			);
			name = Others;
			sourceTree = "<group>";
		};
		9429A5F412265A4A00D31807 /* CocoaExtensions */ = {
			isa = PBXGroup;
			children = (
				9429A5F512265A4A00D31807 /* NSString+SoundCloudAPI.h */,
				9429A5F612265A4A00D31807 /* NSString+SoundCloudAPI.m */,
			);
			path = CocoaExtensions;
			sourceTree = "<group>";
		};
		94535F9E123FB2CC00BD668A /* Resources */ = {
			isa = PBXGroup;
			children = (
				82249A9E1248BA100003F0BB /* SoundCloud.bundle */,
				94535F87123FAFDF00BD668A /* SoundCloudAPI.framework-Info.plist */,
			);
			name = Resources;
			sourceTree = "<group>";
		};
		9454811C1248C4A900E6BD3D /* Streaming */ = {
			isa = PBXGroup;
			children = (
				945481201248C4C300E6BD3D /* SCAudioStream.h */,
				945481211248C4C300E6BD3D /* SCAudioStream.m */,
				945481221248C4C300E6BD3D /* SCAudioBufferQueue.h */,
				945481231248C4C300E6BD3D /* SCAudioBufferQueue.m */,
				945481241248C4C300E6BD3D /* SCAudioFileStreamParser.h */,
				945481251248C4C300E6BD3D /* SCAudioFileStreamParser.m */,
				945481261248C4C300E6BD3D /* SCAudioStreamPacketDescriptions.h */,
				945481271248C4C300E6BD3D /* SCAudioStreamPacketDescriptions.m */,
			);
			name = Streaming;
			sourceTree = "<group>";
		};
		94E5AD95122C192900C7021A /* Products */ = {
			isa = PBXGroup;
			children = (
				94EE49C41238D66200EFDAB1 /* OAuth2Client.framework */,
				94E5ADA4122C192900C7021A /* libOAuth2Client.a */,
			);
			name = Products;
			sourceTree = "<group>";
		};
		F608121713D08B110040EC66 /* Private */ = {
			isa = PBXGroup;
			children = (
				F60627F613E066D3004A7E4E /* SCBundle.h */,
				F60627F713E066D3004A7E4E /* SCBundle.m */,
				F6BA73BC13D86D8D002A5655 /* SCRecordingSaveViewController.h */,
				F6BA73BD13D86D8D002A5655 /* SCRecordingSaveViewController.m */,
				F60627ED13E05E99004A7E4E /* SCRecordingSaveViewControllerHeaderView.h */,
				F60627EE13E05E99004A7E4E /* SCRecordingSaveViewControllerHeaderView.m */,
				F665F1A713E1635F00AC2118 /* SCSCRecordingSaveViewControllerTitleView.h */,
				F665F1A813E1635F00AC2118 /* SCSCRecordingSaveViewControllerTitleView.m */,
				F6900ECE13E18FB900B4720B /* SCHorizontalLineView.h */,
				F6900ECF13E18FB900B4720B /* SCHorizontalLineView.m */,
				F6900ED713E19FB700B4720B /* SCUnderlinedButton.h */,
				F6900ED813E19FB700B4720B /* SCUnderlinedButton.m */,
				F6900EDB13E1B3CA00B4720B /* SCCoverImageButton.h */,
				F6900EDC13E1B3CB00B4720B /* SCCoverImageButton.m */,
				F658144513E2EBAF00708EF5 /* SCRecordingUploadProgressView.h */,
				F658144613E2EBAF00708EF5 /* SCRecordingUploadProgressView.m */,
				F613E62F13EFCFE900E87E7D /* SCLoginView.h */,
				F613E63013EFCFE900E87E7D /* SCLoginView.m */,
				F6CA0FCE13DEED7300F421DD /* JSON */,
				F6E60D3F13DD9F3100A85727 /* Share Connections */,
				F6E60D3E13DD9F2300A85727 /* Mail Picker */,
				F66BAD1613D97B5C00996800 /* Foursquare */,
				F6410A0A13D885DF00561D0B /* SC */,
				F64109F913D885A300561D0B /* GPKit */,
			);
			name = Private;
			path = SoundCloudAPI;
			sourceTree = "<group>";
		};
		F64109F913D885A300561D0B /* GPKit */ = {
			isa = PBXGroup;
			children = (
				F6E60D3613DD9EFD00A85727 /* GPSwitch.h */,
				F6E60D3713DD9EFD00A85727 /* GPSwitch.m */,
				F623D36913D98C4E00379D3C /* GPCellLoader.h */,
				F623D36A13D98C4E00379D3C /* GPCellLoader.m */,
				F66BAD1D13D97BB300996800 /* GPWebAPI.h */,
				F66BAD1E13D97BB300996800 /* GPWebAPI.m */,
				F64109FA13D885B300561D0B /* QuartzCore_GPKit.h */,
				F64109FB13D885B300561D0B /* QuartzCore_GPKit.c */,
				F6410A0613D885D900561D0B /* UIImage_GPKit.h */,
				F6410A0713D885D900561D0B /* UIImage_GPKit.m */,
				F6410A1B13D887C300561D0B /* UIView_GPKit.h */,
				F6410A1C13D887C300561D0B /* UIView_GPKit.m */,
				F66BAD2913D97C0C00996800 /* NSString_GPKit.h */,
				F66BAD2A13D97C0C00996800 /* NSString_GPKit.m */,
				F6410A1713D887AE00561D0B /* GPNetworkActivityController.h */,
				F6410A1813D887AE00561D0B /* GPNetworkActivityController.m */,
				F6410A1113D8860D00561D0B /* GPSwitchLabel.h */,
				F6410A1213D8860D00561D0B /* GPSwitchLabel.m */,
				F64109FE13D885C300561D0B /* GPTableCellBackgroundView.h */,
				F64109FF13D885C300561D0B /* GPTableCellBackgroundView.m */,
				F6410A0213D885CB00561D0B /* GPURLConnection.h */,
				F6410A0313D885CB00561D0B /* GPURLConnection.m */,
			);
			name = GPKit;
			sourceTree = "<group>";
		};
		F6410A0A13D885DF00561D0B /* SC */ = {
			isa = PBXGroup;
			children = (
				F6E7CB6A13EAA60D00A430D2 /* UIFont+SoundCloud.h */,
				F6E7CB6B13EAA60D00A430D2 /* UIFont+SoundCloud.m */,
				F6E7CB6613EAA5F600A430D2 /* UIColor+SoundCloud.h */,
				F6E7CB6713EAA5F600A430D2 /* UIColor+SoundCloud.m */,
				F6E60D3A13DD9F0900A85727 /* SCSwitch.h */,
				F6E60D3B13DD9F0900A85727 /* SCSwitch.m */,
				F6A9853013D98C9B000AC828 /* SCNameAndEmailCell.h */,
				F6A9853113D98C9B000AC828 /* SCNameAndEmailCell.m */,
				F66BAD2113D97BD700996800 /* NSData+SCKit.h */,
				F66BAD2213D97BD700996800 /* NSData+SCKit.m */,
				F66BAD2513D97BFD00996800 /* NSString+SCKit.h */,
				F66BAD2613D97BFD00996800 /* NSString+SCKit.m */,
				F6A9853F13D98D34000AC828 /* SCAppIsRunningOnIPad.h */,
				F6A9853D13D98D23000AC828 /* SCAppIsRunningOnIPad.m */,
				F6E7CBC513EAB56A00A430D2 /* SCTextField.h */,
				F6E7CBC613EAB56B00A430D2 /* SCTextField.m */,
			);
			name = SC;
			sourceTree = "<group>";
		};
		F6525B8213D5B34E00ACAE8F /* Private */ = {
			isa = PBXGroup;
			children = (
				F6525B7B13D5B34A00ACAE8F /* SCSoundCloud+Private.h */,
				F6525B7C13D5B34A00ACAE8F /* SCSoundCloud+Private.m */,
				F6E88D2A13D43A73008B9CD5 /* SCAccount+Private.h */,
				F6E88D3013D43B67008B9CD5 /* SCAccount+Private.m */,
			);
			name = Private;
			sourceTree = "<group>";
		};
		F66BAD1613D97B5C00996800 /* Foursquare */ = {
			isa = PBXGroup;
			children = (
				F66BAD1713D97B7700996800 /* SCFoursquarePlacePickerControllerDelegate.h */,
				F66BAD1813D97B7700996800 /* SCFoursquarePlacePickerController.h */,
				F66BAD1913D97B7700996800 /* SCFoursquarePlacePickerController.m */,
			);
			name = Foursquare;
			sourceTree = "<group>";
		};
		F6CA0FCE13DEED7300F421DD /* JSON */ = {
			isa = PBXGroup;
			children = (
				F6CA0FCA13DEED6E00F421DD /* JSONKit.h */,
				F6CA0FCB13DEED6E00F421DD /* JSONKit.m */,
			);
			name = JSON;
			sourceTree = "<group>";
		};
		F6E1A12C13D723BA00B6DAC3 /* Legacy API */ = {
			isa = PBXGroup;
			children = (
				9429A5D3122659D500D31807 /* SCAPIErrors.h */,
				94EE4A6D1238E74F00EFDAB1 /* SCSoundCloudAPIDelegate.h */,
				9429A5D6122659D500D31807 /* SCSoundCloudAPI.h */,
				9429A5D7122659D500D31807 /* SCSoundCloudAPI.m */,
				94EE4B4C12390D3800EFDAB1 /* SCSoundCloudAPIAuthenticationDelegate.h */,
				94EE4B4E12390D5200EFDAB1 /* SCSoundCloudAPIAuthentication.h */,
				94EE4B4F12390D5200EFDAB1 /* SCSoundCloudAPIAuthentication.m */,
				9429A5D8122659D500D31807 /* SCSoundCloudAPIConfiguration.h */,
				9429A5D9122659D500D31807 /* SCSoundCloudAPIConfiguration.m */,
			);
			name = "Legacy API";
			path = ../..;
			sourceTree = "<group>";
		};
		F6E60D2E13DD61C800A85727 /* SoundCloudUI */ = {
			isa = PBXGroup;
			children = (
				F6E60D3413DD6B6A00A85727 /* SCUI.h */,
				F6E60D6913DDABA600A85727 /* SCLoginViewController.h */,
				F6E60D6A13DDABA600A85727 /* SCLoginViewController.m */,
				F6E60D3013DD653100A85727 /* SCShareViewController.h */,
				F6E60D3113DD653100A85727 /* SCShareViewController.m */,
				F608121713D08B110040EC66 /* Private */,
			);
			name = SoundCloudUI;
			sourceTree = "<group>";
		};
		F6E60D3E13DD9F2300A85727 /* Mail Picker */ = {
			isa = PBXGroup;
			children = (
				F623D36413D98C2500379D3C /* SCSharingMailPickerController.h */,
				F623D36513D98C2500379D3C /* SCSharingMailPickerController.m */,
			);
			name = "Mail Picker";
			sourceTree = "<group>";
		};
		F6E60D3F13DD9F3100A85727 /* Share Connections */ = {
			isa = PBXGroup;
			children = (
				F6A9854113D9A239000AC828 /* SCAddConnectionViewControllerDelegate.h */,
				F6A9854213D9A239000AC828 /* SCAddConnectionViewController.h */,
				F6A9854313D9A23A000AC828 /* SCAddConnectionViewController.m */,
			);
			name = "Share Connections";
			sourceTree = "<group>";
		};
/* End PBXGroup section */

/* Begin PBXHeadersBuildPhase section */
		94535F81123FAFDF00BD668A /* Headers */ = {
			isa = PBXHeadersBuildPhase;
			buildActionMask = 2147483647;
			files = (
				94535FA6123FB33500BD668A /* NSString+SoundCloudAPI.h in Headers */,
				94535FA7123FB33500BD668A /* SCAPI.h in Headers */,
				94535FA8123FB33500BD668A /* SCAPIErrors.h in Headers */,
				94535FA9123FB33500BD668A /* SCSoundCloudAPI.h in Headers */,
				94535FAA123FB33500BD668A /* SCSoundCloudAPIAuthentication.h in Headers */,
				94535FAB123FB33500BD668A /* SCSoundCloudAPIAuthenticationDelegate.h in Headers */,
				94535FAC123FB33500BD668A /* SCSoundCloudAPIConfiguration.h in Headers */,
				94535FAD123FB33500BD668A /* SCSoundCloudAPIDelegate.h in Headers */,
				94535FAE123FB33500BD668A /* SoundCloudAPI_Prefix.pch in Headers */,
				945481341248C4C300E6BD3D /* SCAudioStream.h in Headers */,
				945481361248C4C300E6BD3D /* SCAudioBufferQueue.h in Headers */,
				945481381248C4C300E6BD3D /* SCAudioFileStreamParser.h in Headers */,
				9454813A1248C4C300E6BD3D /* SCAudioStreamPacketDescriptions.h in Headers */,
				F60811E313D050180040EC66 /* SCSoundCloud.h in Headers */,
				F60811E913D051420040EC66 /* SCAccount.h in Headers */,
				F60811EF13D051840040EC66 /* SCRequest.h in Headers */,
				F6E88D2513D41F8A008B9CD5 /* SCConstants.h in Headers */,
				F6E88D2C13D43A74008B9CD5 /* SCAccount+Private.h in Headers */,
				F6525B7D13D5B34A00ACAE8F /* SCSoundCloud+Private.h in Headers */,
			);
			runOnlyForDeploymentPostprocessing = 0;
		};
		D2AAC07A0554694100DB518D /* Headers */ = {
			isa = PBXHeadersBuildPhase;
			buildActionMask = 2147483647;
			files = (
				AA747D9F0F9514B9006C5449 /* SoundCloudAPI_Prefix.pch in Headers */,
				9429A5F912265A4A00D31807 /* NSString+SoundCloudAPI.h in Headers */,
				94EE4B5012390D5200EFDAB1 /* SCSoundCloudAPIAuthentication.h in Headers */,
				9454812C1248C4C300E6BD3D /* SCAudioBufferQueue.h in Headers */,
				9454812E1248C4C300E6BD3D /* SCAudioFileStreamParser.h in Headers */,
				945481301248C4C300E6BD3D /* SCAudioStreamPacketDescriptions.h in Headers */,
				9429A5E0122659D500D31807 /* SCAPI.h in Headers */,
				9429A5E1122659D500D31807 /* SCAPIErrors.h in Headers */,
				9429A5E4122659D500D31807 /* SCSoundCloudAPI.h in Headers */,
				9429A5E6122659D500D31807 /* SCSoundCloudAPIConfiguration.h in Headers */,
				94EE4A6E1238E74F00EFDAB1 /* SCSoundCloudAPIDelegate.h in Headers */,
				94EE4B4D12390D3800EFDAB1 /* SCSoundCloudAPIAuthenticationDelegate.h in Headers */,
				9454812A1248C4C300E6BD3D /* SCAudioStream.h in Headers */,
				F60811E413D050180040EC66 /* SCSoundCloud.h in Headers */,
				F60811EA13D051420040EC66 /* SCAccount.h in Headers */,
				F60811F013D051840040EC66 /* SCRequest.h in Headers */,
				F6E88D2613D41F8A008B9CD5 /* SCConstants.h in Headers */,
				F6E88D2D13D43A74008B9CD5 /* SCAccount+Private.h in Headers */,
				F6525B7E13D5B34A00ACAE8F /* SCSoundCloud+Private.h in Headers */,
				F6BA73C813D86D8D002A5655 /* SCRecordingSaveViewController.h in Headers */,
				F64109FC13D885B300561D0B /* QuartzCore_GPKit.h in Headers */,
				F6410A0013D885C300561D0B /* GPTableCellBackgroundView.h in Headers */,
				F6410A0413D885CB00561D0B /* GPURLConnection.h in Headers */,
				F6410A0813D885D900561D0B /* UIImage_GPKit.h in Headers */,
				F6410A1513D8860D00561D0B /* GPSwitchLabel.h in Headers */,
				F6410A1913D887AE00561D0B /* GPNetworkActivityController.h in Headers */,
				F6410A1D13D887C300561D0B /* UIView_GPKit.h in Headers */,
				F66BAD1A13D97B7700996800 /* SCFoursquarePlacePickerControllerDelegate.h in Headers */,
				F66BAD1B13D97B7700996800 /* SCFoursquarePlacePickerController.h in Headers */,
				F66BAD1F13D97BB300996800 /* GPWebAPI.h in Headers */,
				F66BAD2313D97BD800996800 /* NSData+SCKit.h in Headers */,
				F66BAD2713D97BFE00996800 /* NSString+SCKit.h in Headers */,
				F66BAD2B13D97C0C00996800 /* NSString_GPKit.h in Headers */,
				F623D36613D98C2500379D3C /* SCSharingMailPickerController.h in Headers */,
				F623D36B13D98C4E00379D3C /* GPCellLoader.h in Headers */,
				F6A9853213D98C9B000AC828 /* SCNameAndEmailCell.h in Headers */,
				F6A9854013D98D34000AC828 /* SCAppIsRunningOnIPad.h in Headers */,
				F6A9854413D9A23A000AC828 /* SCAddConnectionViewControllerDelegate.h in Headers */,
				F6A9854513D9A23A000AC828 /* SCAddConnectionViewController.h in Headers */,
				F6E60D3213DD653100A85727 /* SCShareViewController.h in Headers */,
				F6E60D3513DD6B6A00A85727 /* SCUI.h in Headers */,
				F6E60D3813DD9EFD00A85727 /* GPSwitch.h in Headers */,
				F6E60D3C13DD9F0900A85727 /* SCSwitch.h in Headers */,
				F6E60D6B13DDABA600A85727 /* SCLoginViewController.h in Headers */,
				F6CA0FCC13DEED6E00F421DD /* JSONKit.h in Headers */,
				F60627EF13E05E99004A7E4E /* SCRecordingSaveViewControllerHeaderView.h in Headers */,
				F60627F813E066D3004A7E4E /* SCBundle.h in Headers */,
				F665F1A913E1636000AC2118 /* SCSCRecordingSaveViewControllerTitleView.h in Headers */,
				F6900ED013E18FB900B4720B /* SCHorizontalLineView.h in Headers */,
				F6900ED913E19FB700B4720B /* SCUnderlinedButton.h in Headers */,
				F6900EDD13E1B3CB00B4720B /* SCCoverImageButton.h in Headers */,
				F658144713E2EBB000708EF5 /* SCRecordingUploadProgressView.h in Headers */,
				F6E7CB6813EAA5F600A430D2 /* UIColor+SoundCloud.h in Headers */,
				F6E7CB6C13EAA60D00A430D2 /* UIFont+SoundCloud.h in Headers */,
				F6E7CBC713EAB56B00A430D2 /* SCTextField.h in Headers */,
				F613E63113EFCFE900E87E7D /* SCLoginView.h in Headers */,
			);
			runOnlyForDeploymentPostprocessing = 0;
		};
/* End PBXHeadersBuildPhase section */

/* Begin PBXNativeTarget section */
		94535F85123FAFDF00BD668A /* SoundCloudAPI.framework */ = {
			isa = PBXNativeTarget;
			buildConfigurationList = 94535F8A123FAFE000BD668A /* Build configuration list for PBXNativeTarget "SoundCloudAPI.framework" */;
			buildPhases = (
				94535F81123FAFDF00BD668A /* Headers */,
				94535F82123FAFDF00BD668A /* Resources */,
				94535F83123FAFDF00BD668A /* Sources */,
				94535F84123FAFDF00BD668A /* Frameworks */,
			);
			buildRules = (
			);
			dependencies = (
				99EF0E7D13BB1B29000D7FEA /* PBXTargetDependency */,
			);
			name = SoundCloudAPI.framework;
			productName = SoundCloudAPI.framework;
			productReference = 94535F86123FAFDF00BD668A /* SoundCloudAPI.framework */;
			productType = "com.apple.product-type.framework";
		};
		D2AAC07D0554694100DB518D /* SoundCloudAPI */ = {
			isa = PBXNativeTarget;
			buildConfigurationList = 1DEB921E08733DC00010E9CD /* Build configuration list for PBXNativeTarget "SoundCloudAPI" */;
			buildPhases = (
				D2AAC07A0554694100DB518D /* Headers */,
				D2AAC07B0554694100DB518D /* Sources */,
				D2AAC07C0554694100DB518D /* Frameworks */,
			);
			buildRules = (
			);
			dependencies = (
				94E5ADA8122C193000C7021A /* PBXTargetDependency */,
			);
			name = SoundCloudAPI;
			productName = SoundCloudAPI;
			productReference = D2AAC07E0554694100DB518D /* libSoundCloudAPI.a */;
			productType = "com.apple.product-type.library.static";
		};
/* End PBXNativeTarget section */

/* Begin PBXProject section */
		0867D690FE84028FC02AAC07 /* Project object */ = {
			isa = PBXProject;
			attributes = {
				LastUpgradeCheck = 0420;
			};
			buildConfigurationList = 1DEB922208733DC00010E9CD /* Build configuration list for PBXProject "SoundCloudAPI" */;
			compatibilityVersion = "Xcode 3.2";
			developmentRegion = English;
			hasScannedForEncodings = 1;
			knownRegions = (
				English,
				Japanese,
				French,
				German,
			);
			mainGroup = 0867D691FE84028FC02AAC07 /* SoundCloudAPI */;
			productRefGroup = 034768DFFF38A50411DB9C8B /* Products */;
			projectDirPath = "";
			projectReferences = (
				{
					ProductGroup = 94E5AD95122C192900C7021A /* Products */;
					ProjectRef = 94E5AD94122C192900C7021A /* OAuth2Client.xcodeproj */;
				},
			);
			projectRoot = "";
			targets = (
				94535F85123FAFDF00BD668A /* SoundCloudAPI.framework */,
				D2AAC07D0554694100DB518D /* SoundCloudAPI */,
			);
		};
/* End PBXProject section */

/* Begin PBXReferenceProxy section */
		94E5ADA4122C192900C7021A /* libOAuth2Client.a */ = {
			isa = PBXReferenceProxy;
			fileType = archive.ar;
			path = libOAuth2Client.a;
			remoteRef = 94E5ADA3122C192900C7021A /* PBXContainerItemProxy */;
			sourceTree = BUILT_PRODUCTS_DIR;
		};
		94EE49C41238D66200EFDAB1 /* OAuth2Client.framework */ = {
			isa = PBXReferenceProxy;
			fileType = wrapper.framework;
			path = OAuth2Client.framework;
			remoteRef = 94EE49C31238D66200EFDAB1 /* PBXContainerItemProxy */;
			sourceTree = BUILT_PRODUCTS_DIR;
		};
/* End PBXReferenceProxy section */

/* Begin PBXResourcesBuildPhase section */
		94535F82123FAFDF00BD668A /* Resources */ = {
			isa = PBXResourcesBuildPhase;
			buildActionMask = 2147483647;
			files = (
			);
			runOnlyForDeploymentPostprocessing = 0;
		};
/* End PBXResourcesBuildPhase section */

/* Begin PBXSourcesBuildPhase section */
		94535F83123FAFDF00BD668A /* Sources */ = {
			isa = PBXSourcesBuildPhase;
			buildActionMask = 2147483647;
			files = (
				94535FAF123FB36500BD668A /* NSString+SoundCloudAPI.m in Sources */,
				94535FB0123FB36500BD668A /* SCSoundCloudAPI.m in Sources */,
				94535FB1123FB36500BD668A /* SCSoundCloudAPIAuthentication.m in Sources */,
				94535FB2123FB36500BD668A /* SCSoundCloudAPIConfiguration.m in Sources */,
				945481351248C4C300E6BD3D /* SCAudioStream.m in Sources */,
				945481371248C4C300E6BD3D /* SCAudioBufferQueue.m in Sources */,
				945481391248C4C300E6BD3D /* SCAudioFileStreamParser.m in Sources */,
				9454813B1248C4C300E6BD3D /* SCAudioStreamPacketDescriptions.m in Sources */,
				F60811E513D050180040EC66 /* SCSoundCloud.m in Sources */,
				F60811EB13D051420040EC66 /* SCAccount.m in Sources */,
				F60811F113D051840040EC66 /* SCRequest.m in Sources */,
				F6E88D2713D41F8A008B9CD5 /* SCConstants.m in Sources */,
				F6E88D3113D43B67008B9CD5 /* SCAccount+Private.m in Sources */,
				F6525B7F13D5B34A00ACAE8F /* SCSoundCloud+Private.m in Sources */,
			);
			runOnlyForDeploymentPostprocessing = 0;
		};
		D2AAC07B0554694100DB518D /* Sources */ = {
			isa = PBXSourcesBuildPhase;
			buildActionMask = 2147483647;
			files = (
				9429A5E5122659D500D31807 /* SCSoundCloudAPI.m in Sources */,
				9429A5E7122659D500D31807 /* SCSoundCloudAPIConfiguration.m in Sources */,
				9429A5FA12265A4A00D31807 /* NSString+SoundCloudAPI.m in Sources */,
				94EE4B5112390D5200EFDAB1 /* SCSoundCloudAPIAuthentication.m in Sources */,
				9454812B1248C4C300E6BD3D /* SCAudioStream.m in Sources */,
				9454812D1248C4C300E6BD3D /* SCAudioBufferQueue.m in Sources */,
				9454812F1248C4C300E6BD3D /* SCAudioFileStreamParser.m in Sources */,
				945481311248C4C300E6BD3D /* SCAudioStreamPacketDescriptions.m in Sources */,
				F60811E613D050180040EC66 /* SCSoundCloud.m in Sources */,
				F60811EC13D051420040EC66 /* SCAccount.m in Sources */,
				F60811F213D051840040EC66 /* SCRequest.m in Sources */,
				F6E88D2813D41F8A008B9CD5 /* SCConstants.m in Sources */,
				F6E88D3213D43B67008B9CD5 /* SCAccount+Private.m in Sources */,
				F6525B8013D5B34A00ACAE8F /* SCSoundCloud+Private.m in Sources */,
				F6BA73C913D86D8D002A5655 /* SCRecordingSaveViewController.m in Sources */,
				F64109FD13D885B300561D0B /* QuartzCore_GPKit.c in Sources */,
				F6410A0113D885C300561D0B /* GPTableCellBackgroundView.m in Sources */,
				F6410A0513D885CB00561D0B /* GPURLConnection.m in Sources */,
				F6410A0913D885D900561D0B /* UIImage_GPKit.m in Sources */,
				F6410A1613D8860D00561D0B /* GPSwitchLabel.m in Sources */,
				F6410A1A13D887AE00561D0B /* GPNetworkActivityController.m in Sources */,
				F6410A1E13D887C300561D0B /* UIView_GPKit.m in Sources */,
				F66BAD1C13D97B7700996800 /* SCFoursquarePlacePickerController.m in Sources */,
				F66BAD2013D97BB300996800 /* GPWebAPI.m in Sources */,
				F66BAD2413D97BD800996800 /* NSData+SCKit.m in Sources */,
				F66BAD2813D97BFE00996800 /* NSString+SCKit.m in Sources */,
				F66BAD2C13D97C0C00996800 /* NSString_GPKit.m in Sources */,
				F623D36713D98C2500379D3C /* SCSharingMailPickerController.m in Sources */,
				F623D36C13D98C4E00379D3C /* GPCellLoader.m in Sources */,
				F6A9853313D98C9B000AC828 /* SCNameAndEmailCell.m in Sources */,
				F6A9853E13D98D23000AC828 /* SCAppIsRunningOnIPad.m in Sources */,
				F6A9854613D9A23A000AC828 /* SCAddConnectionViewController.m in Sources */,
				F6E60D3313DD653100A85727 /* SCShareViewController.m in Sources */,
				F6E60D3913DD9EFD00A85727 /* GPSwitch.m in Sources */,
				F6E60D3D13DD9F0900A85727 /* SCSwitch.m in Sources */,
				F6E60D6C13DDABA600A85727 /* SCLoginViewController.m in Sources */,
				F6CA0FCD13DEED6E00F421DD /* JSONKit.m in Sources */,
				F60627F013E05E99004A7E4E /* SCRecordingSaveViewControllerHeaderView.m in Sources */,
				F60627F913E066D3004A7E4E /* SCBundle.m in Sources */,
				F665F1AA13E1636000AC2118 /* SCSCRecordingSaveViewControllerTitleView.m in Sources */,
				F6900ED113E18FB900B4720B /* SCHorizontalLineView.m in Sources */,
				F6900EDA13E19FB700B4720B /* SCUnderlinedButton.m in Sources */,
				F6900EDE13E1B3CB00B4720B /* SCCoverImageButton.m in Sources */,
				F658144813E2EBB000708EF5 /* SCRecordingUploadProgressView.m in Sources */,
				F6E7CB6913EAA5F600A430D2 /* UIColor+SoundCloud.m in Sources */,
				F6E7CB6D13EAA60D00A430D2 /* UIFont+SoundCloud.m in Sources */,
				F6E7CBC813EAB56B00A430D2 /* SCTextField.m in Sources */,
				F613E63213EFCFE900E87E7D /* SCLoginView.m in Sources */,
			);
			runOnlyForDeploymentPostprocessing = 0;
		};
/* End PBXSourcesBuildPhase section */

/* Begin PBXTargetDependency section */
		94E5ADA8122C193000C7021A /* PBXTargetDependency */ = {
			isa = PBXTargetDependency;
			name = OAuth2Client;
			targetProxy = 94E5ADA7122C193000C7021A /* PBXContainerItemProxy */;
		};
		99EF0E7D13BB1B29000D7FEA /* PBXTargetDependency */ = {
			isa = PBXTargetDependency;
			name = OAuth2Client.framework;
			targetProxy = 99EF0E7C13BB1B29000D7FEA /* PBXContainerItemProxy */;
		};
/* End PBXTargetDependency section */

/* Begin XCBuildConfiguration section */
		1DEB921F08733DC00010E9CD /* Debug */ = {
			isa = XCBuildConfiguration;
			buildSettings = {
				ALWAYS_SEARCH_USER_PATHS = NO;
				ARCHS = "$(ARCHS_STANDARD_32_BIT)";
				COPY_PHASE_STRIP = NO;
				DEPLOYMENT_LOCATION = YES;
				DSTROOT = /tmp/SoundCloudAPI.dst;
				GCC_DYNAMIC_NO_PIC = NO;
				GCC_MODEL_TUNING = G5;
				GCC_OPTIMIZATION_LEVEL = 0;
				GCC_PRECOMPILE_PREFIX_HEADER = YES;
				GCC_PREFIX_HEADER = Sources/SoundCloudAPI_Prefix.pch;
				INSTALL_PATH = /usr/local/lib;
				IPHONEOS_DEPLOYMENT_TARGET = 3.0;
				PRODUCT_NAME = SoundCloudAPI;
				SDKROOT = iphoneos;
				SKIP_INSTALL = YES;
				USER_HEADER_SEARCH_PATHS = "Outsourced/**";
			};
			name = Debug;
		};
		1DEB922008733DC00010E9CD /* Release */ = {
			isa = XCBuildConfiguration;
			buildSettings = {
				ALWAYS_SEARCH_USER_PATHS = NO;
				ARCHS = "$(ARCHS_STANDARD_32_BIT)";
				DEPLOYMENT_LOCATION = YES;
				DSTROOT = /tmp/SoundCloudAPI.dst;
				GCC_MODEL_TUNING = G5;
				GCC_PRECOMPILE_PREFIX_HEADER = YES;
				GCC_PREFIX_HEADER = Sources/SoundCloudAPI_Prefix.pch;
				INSTALL_PATH = /usr/local/lib;
				IPHONEOS_DEPLOYMENT_TARGET = 3.0;
				PRODUCT_NAME = SoundCloudAPI;
				SDKROOT = iphoneos;
				SKIP_INSTALL = YES;
				USER_HEADER_SEARCH_PATHS = "Outsourced/**";
			};
			name = Release;
		};
		1DEB922308733DC00010E9CD /* Debug */ = {
			isa = XCBuildConfiguration;
			buildSettings = {
				ARCHS = "$(ARCHS_STANDARD_32_64_BIT)";
				GCC_C_LANGUAGE_STANDARD = c99;
				GCC_OPTIMIZATION_LEVEL = 0;
				GCC_PREPROCESSOR_DEFINITIONS = "SCAPI_VERSION=\"@\\\"${SCAPI_VERSION}\\\"\"";
				GCC_WARN_ABOUT_RETURN_TYPE = YES;
				GCC_WARN_UNUSED_VARIABLE = YES;
				OTHER_LDFLAGS = "-ObjC";
				SCAPI_VERSION = 2.0b6;
			};
			name = Debug;
		};
		1DEB922408733DC00010E9CD /* Release */ = {
			isa = XCBuildConfiguration;
			buildSettings = {
				ARCHS = "$(ARCHS_STANDARD_32_64_BIT)";
				GCC_C_LANGUAGE_STANDARD = c99;
				GCC_PREPROCESSOR_DEFINITIONS = "SCAPI_VERSION=\"@\\\"${SCAPI_VERSION}\\\"\"";
				GCC_WARN_ABOUT_RETURN_TYPE = YES;
				GCC_WARN_UNUSED_VARIABLE = YES;
				OTHER_CFLAGS = "-DNS_BLOCK_ASSERTIONS=1";
				OTHER_LDFLAGS = "-ObjC";
				SCAPI_VERSION = 2.0b6;
			};
			name = Release;
		};
		94535F88123FAFE000BD668A /* Debug */ = {
			isa = XCBuildConfiguration;
			buildSettings = {
				ALWAYS_SEARCH_USER_PATHS = NO;
				COPY_PHASE_STRIP = NO;
				DYLIB_COMPATIBILITY_VERSION = 1;
				DYLIB_CURRENT_VERSION = 1;
				FRAMEWORK_SEARCH_PATHS = "Outsourced/OAuth2Client/build/$(CONFIGURATION)/**";
				FRAMEWORK_VERSION = A;
				GCC_DYNAMIC_NO_PIC = NO;
				GCC_MODEL_TUNING = G5;
				GCC_OPTIMIZATION_LEVEL = 0;
				GCC_PRECOMPILE_PREFIX_HEADER = YES;
				GCC_PREFIX_HEADER = Sources/SoundCloudAPI_Prefix.pch;
				INFOPLIST_FILE = "SoundCloudAPI.framework-Info.plist";
				INSTALL_PATH = "@executable_path/../Frameworks";
				LD_DYLIB_INSTALL_NAME = "@executable_path/../Frameworks/$(EXECUTABLE_PATH)";
				MACOSX_DEPLOYMENT_TARGET = 10.5;
				OTHER_CFLAGS = "-DNX_BLOCKS_AVAILABLE=1";
				OTHER_LDFLAGS = (
					"-framework",
					Foundation,
					"-reexport_framework,OAuth2Client",
				);
				PRODUCT_NAME = SoundCloudAPI;
			};
			name = Debug;
		};
		94535F89123FAFE000BD668A /* Release */ = {
			isa = XCBuildConfiguration;
			buildSettings = {
				ALWAYS_SEARCH_USER_PATHS = NO;
				COPY_PHASE_STRIP = YES;
				DEBUG_INFORMATION_FORMAT = "dwarf-with-dsym";
				DYLIB_COMPATIBILITY_VERSION = 1;
				DYLIB_CURRENT_VERSION = 1;
				FRAMEWORK_SEARCH_PATHS = "Outsourced/OAuth2Client/build/$(CONFIGURATION)/**";
				FRAMEWORK_VERSION = A;
				GCC_MODEL_TUNING = G5;
				GCC_PRECOMPILE_PREFIX_HEADER = YES;
				GCC_PREFIX_HEADER = Sources/SoundCloudAPI_Prefix.pch;
				INFOPLIST_FILE = "SoundCloudAPI.framework-Info.plist";
				INSTALL_PATH = "@executable_path/../Frameworks";
				LD_DYLIB_INSTALL_NAME = "@executable_path/../Frameworks/$(EXECUTABLE_PATH)";
				MACOSX_DEPLOYMENT_TARGET = 10.5;
				OTHER_CFLAGS = (
					"-DNS_BLOCK_ASSERTIONS=1",
					"-DNX_BLOCKS_AVAILABLE=1",
				);
				OTHER_LDFLAGS = (
					"-framework",
					Foundation,
					"-reexport_framework,OAuth2Client",
				);
				PRODUCT_NAME = SoundCloudAPI;
				ZERO_LINK = NO;
			};
			name = Release;
		};
/* End XCBuildConfiguration section */

/* Begin XCConfigurationList section */
		1DEB921E08733DC00010E9CD /* Build configuration list for PBXNativeTarget "SoundCloudAPI" */ = {
			isa = XCConfigurationList;
			buildConfigurations = (
				1DEB921F08733DC00010E9CD /* Debug */,
				1DEB922008733DC00010E9CD /* Release */,
			);
			defaultConfigurationIsVisible = 0;
			defaultConfigurationName = Release;
		};
		1DEB922208733DC00010E9CD /* Build configuration list for PBXProject "SoundCloudAPI" */ = {
			isa = XCConfigurationList;
			buildConfigurations = (
				1DEB922308733DC00010E9CD /* Debug */,
				1DEB922408733DC00010E9CD /* Release */,
			);
			defaultConfigurationIsVisible = 0;
			defaultConfigurationName = Release;
		};
		94535F8A123FAFE000BD668A /* Build configuration list for PBXNativeTarget "SoundCloudAPI.framework" */ = {
			isa = XCConfigurationList;
			buildConfigurations = (
				94535F88123FAFE000BD668A /* Debug */,
				94535F89123FAFE000BD668A /* Release */,
			);
			defaultConfigurationIsVisible = 0;
			defaultConfigurationName = Release;
		};
/* End XCConfigurationList section */
	};
	rootObject = 0867D690FE84028FC02AAC07 /* Project object */;
}
